Microsoft Visual Studio Solution File, Format Version 9.00
# Visual Studio 2005
Project("{8BC9CEB8-8B4A-11D0-8D11-00A0C91BC942}") = "ElementXML", "Core\ElementXML\ElementXML.vcproj", "{E9AB0B6E-F1CA-4A63-817B-AB47F7E5417E}"
EndProject
Project("{8BC9CEB8-8B4A-11D0-8D11-00A0C91BC942}") = "KernelSML", "Core\KernelSML\KernelSML.vcproj", "{4C6CC3DE-C022-4043-8E73-72FE1E1224C4}"
EndProject
Project("{8BC9CEB8-8B4A-11D0-8D11-00A0C91BC942}") = "ConnectionSML", "Core\ConnectionSML\ConnectionSML.vcproj", "{161DC1AD-FB4B-4370-9FD5-B02E2A0D8A36}"
EndProject
Project("{8BC9CEB8-8B4A-11D0-8D11-00A0C91BC942}") = "ClientSML", "Core\ClientSML\ClientSML.vcproj", "{3EDBED11-A1B3-4E00-8B6E-652523D482F0}"
EndProject
Project("{8BC9CEB8-8B4A-11D0-8D11-00A0C91BC942}") = "CommandLineInterface", "Core\CLI\CommandLineInterface.vcproj", "{6B2CBC5A-4A7A-46BB-9274-6C91262E9374}"
EndProject
Project("{8BC9CEB8-8B4A-11D0-8D11-00A0C91BC942}") = "TestCommandLineInterface", "Applications\TestCLI\TestCommandLineInterface.vcproj", "{DCF419E9-7A52-422D-B9CF-8B70FFC6158D}"
EndProject
Project("{8BC9CEB8-8B4A-11D0-8D11-00A0C91BC942}") = "TestClientSML", "Applications\TestClientSML\TestClientSML.vcproj", "{A42713E1-1933-4AD4-8C7C-6A428B3C44E2}"
EndProject
Project("{8BC9CEB8-8B4A-11D0-8D11-00A0C91BC942}") = "TestConnectionSML", "Applications\TestConnectionSML\TestConnectionSML.vcproj", "{3AA3B75A-7A98-4538-AE12-E8CE7F2FFF92}"
EndProject
Project("{8BC9CEB8-8B4A-11D0-8D11-00A0C91BC942}") = "TestSMLEvents", "Applications\TestSMLEvents\TestSMLEvents.vcproj", "{8EF61FF7-214E-4955-9DBF-CCD164815E9C}"
EndProject
Project("{8BC9CEB8-8B4A-11D0-8D11-00A0C91BC942}") = "TestSoarPerformance", "Applications\TestSoarPerformance\TestSoarPerformance.vcproj", "{31E16893-F132-4371-A451-7BC936385453}"
EndProject
Project("{8BC9CEB8-8B4A-11D0-8D11-00A0C91BC942}") = "towersSML", "Applications\TOHSML\towersSML.vcproj", "{3B7AC15A-ECCD-49CF-86D9-D813D2ABE979}"
EndProject
Project("{8BC9CEB8-8B4A-11D0-8D11-00A0C91BC942}") = "SoarKernel", "Core\Kernel\SoarKernel.vcproj", "{A2A1BE53-FFE4-4668-91FE-4613C1F36BB2}"
EndProject
Project("{8BC9CEB8-8B4A-11D0-8D11-00A0C91BC942}") = "gSKI", "Core\gSKI\gSKI.vcproj", "{0F4205EE-35EA-4421-8F74-513603FF003F}"
EndProject
Project("{8BC9CEB8-8B4A-11D0-8D11-00A0C91BC942}") = "ClientSMLJava", "Core\ClientSMLSWIG\Java\ClientSMLJava.vcproj", "{F8B197A4-FC27-4B02-9B08-CD5B16899AAB}"
EndProject
Project("{8BC9CEB8-8B4A-11D0-8D11-00A0C91BC942}") = "ClientSMLTcl", "Core\ClientSMLSWIG\Tcl\ClientSMLTcl.vcproj", "{45B36CE7-2FAB-4BBB-A1E3-50BDA1C1E59B}"
EndProject
Project("{8BC9CEB8-8B4A-11D0-8D11-00A0C91BC942}") = "ClientSMLCSharp", "Core\ClientSMLSWIG\CSharp\ClientSMLCSharp.vcproj", "{ECE01FC0-7FF9-4C82-AAFF-47C704CBF4BF}"
EndProject
Project("{FAE04EC0-301F-11D3-BF4B-00C04F79EFBC}") = "TestCSharpSML", "Applications\TestCSharpSML\TestCSharpSML.csproj", "{29277D02-A002-439F-B3E7-C89C16A21818}"
EndProject
Global
	GlobalSection(SolutionConfigurationPlatforms) = preSolution
		Debug (Core)|Any CPU = Debug (Core)|Any CPU
		Debug (Core)|Mixed Platforms = Debug (Core)|Mixed Platforms
		Debug (Core)|Win32 = Debug (Core)|Win32
		Debug (gSKI DLL)|Any CPU = Debug (gSKI DLL)|Any CPU
		Debug (gSKI DLL)|Mixed Platforms = Debug (gSKI DLL)|Mixed Platforms
		Debug (gSKI DLL)|Win32 = Debug (gSKI DLL)|Win32
		Debug (no SWIG)|Any CPU = Debug (no SWIG)|Any CPU
		Debug (no SWIG)|Mixed Platforms = Debug (no SWIG)|Mixed Platforms
		Debug (no SWIG)|Win32 = Debug (no SWIG)|Win32
		Debug|Any CPU = Debug|Any CPU
		Debug|Mixed Platforms = Debug|Mixed Platforms
		Debug|Win32 = Debug|Win32
		Debug-DLL|Any CPU = Debug-DLL|Any CPU
		Debug-DLL|Mixed Platforms = Debug-DLL|Mixed Platforms
		Debug-DLL|Win32 = Debug-DLL|Win32
		Release (Core)|Any CPU = Release (Core)|Any CPU
		Release (Core)|Mixed Platforms = Release (Core)|Mixed Platforms
		Release (Core)|Win32 = Release (Core)|Win32
		Release (gSKI DLL)|Any CPU = Release (gSKI DLL)|Any CPU
		Release (gSKI DLL)|Mixed Platforms = Release (gSKI DLL)|Mixed Platforms
		Release (gSKI DLL)|Win32 = Release (gSKI DLL)|Win32
		Release (no SWIG)|Any CPU = Release (no SWIG)|Any CPU
		Release (no SWIG)|Mixed Platforms = Release (no SWIG)|Mixed Platforms
		Release (no SWIG)|Win32 = Release (no SWIG)|Win32
		Release|Any CPU = Release|Any CPU
		Release|Mixed Platforms = Release|Mixed Platforms
		Release|Win32 = Release|Win32
		Release-DLL|Any CPU = Release-DLL|Any CPU
		Release-DLL|Mixed Platforms = Release-DLL|Mixed Platforms
		Release-DLL|Win32 = Release-DLL|Win32
	EndGlobalSection
	GlobalSection(ProjectConfigurationPlatforms) = postSolution
		{E9AB0B6E-F1CA-4A63-817B-AB47F7E5417E}.Debug (Core)|Any CPU.ActiveCfg = Debug|Win32
		{E9AB0B6E-F1CA-4A63-817B-AB47F7E5417E}.Debug (Core)|Mixed Platforms.ActiveCfg = Debug|Win32
		{E9AB0B6E-F1CA-4A63-817B-AB47F7E5417E}.Debug (Core)|Mixed Platforms.Build.0 = Debug|Win32
		{E9AB0B6E-F1CA-4A63-817B-AB47F7E5417E}.Debug (Core)|Win32.ActiveCfg = Debug|Win32
		{E9AB0B6E-F1CA-4A63-817B-AB47F7E5417E}.Debug (Core)|Win32.Build.0 = Debug|Win32
		{E9AB0B6E-F1CA-4A63-817B-AB47F7E5417E}.Debug (gSKI DLL)|Any CPU.ActiveCfg = Debug|Win32
		{E9AB0B6E-F1CA-4A63-817B-AB47F7E5417E}.Debug (gSKI DLL)|Mixed Platforms.ActiveCfg = Debug|Win32
		{E9AB0B6E-F1CA-4A63-817B-AB47F7E5417E}.Debug (gSKI DLL)|Mixed Platforms.Build.0 = Debug|Win32
		{E9AB0B6E-F1CA-4A63-817B-AB47F7E5417E}.Debug (gSKI DLL)|Win32.ActiveCfg = Debug|Win32
		{E9AB0B6E-F1CA-4A63-817B-AB47F7E5417E}.Debug (gSKI DLL)|Win32.Build.0 = Debug|Win32
		{E9AB0B6E-F1CA-4A63-817B-AB47F7E5417E}.Debug (no SWIG)|Any CPU.ActiveCfg = Debug|Win32
		{E9AB0B6E-F1CA-4A63-817B-AB47F7E5417E}.Debug (no SWIG)|Mixed Platforms.ActiveCfg = Debug|Win32
		{E9AB0B6E-F1CA-4A63-817B-AB47F7E5417E}.Debug (no SWIG)|Mixed Platforms.Build.0 = Debug|Win32
		{E9AB0B6E-F1CA-4A63-817B-AB47F7E5417E}.Debug (no SWIG)|Win32.ActiveCfg = Debug|Win32
		{E9AB0B6E-F1CA-4A63-817B-AB47F7E5417E}.Debug (no SWIG)|Win32.Build.0 = Debug|Win32
		{E9AB0B6E-F1CA-4A63-817B-AB47F7E5417E}.Debug|Any CPU.ActiveCfg = Debug|Win32
		{E9AB0B6E-F1CA-4A63-817B-AB47F7E5417E}.Debug|Mixed Platforms.ActiveCfg = Debug|Win32
		{E9AB0B6E-F1CA-4A63-817B-AB47F7E5417E}.Debug|Mixed Platforms.Build.0 = Debug|Win32
		{E9AB0B6E-F1CA-4A63-817B-AB47F7E5417E}.Debug|Win32.ActiveCfg = Debug|Win32
		{E9AB0B6E-F1CA-4A63-817B-AB47F7E5417E}.Debug|Win32.Build.0 = Debug|Win32
		{E9AB0B6E-F1CA-4A63-817B-AB47F7E5417E}.Debug-DLL|Any CPU.ActiveCfg = Debug|Win32
		{E9AB0B6E-F1CA-4A63-817B-AB47F7E5417E}.Debug-DLL|Mixed Platforms.ActiveCfg = Debug|Win32
		{E9AB0B6E-F1CA-4A63-817B-AB47F7E5417E}.Debug-DLL|Mixed Platforms.Build.0 = Debug|Win32
		{E9AB0B6E-F1CA-4A63-817B-AB47F7E5417E}.Debug-DLL|Win32.ActiveCfg = Debug|Win32
		{E9AB0B6E-F1CA-4A63-817B-AB47F7E5417E}.Debug-DLL|Win32.Build.0 = Debug|Win32
		{E9AB0B6E-F1CA-4A63-817B-AB47F7E5417E}.Release (Core)|Any CPU.ActiveCfg = Release|Win32
		{E9AB0B6E-F1CA-4A63-817B-AB47F7E5417E}.Release (Core)|Mixed Platforms.ActiveCfg = Release|Win32
		{E9AB0B6E-F1CA-4A63-817B-AB47F7E5417E}.Release (Core)|Mixed Platforms.Build.0 = Release|Win32
		{E9AB0B6E-F1CA-4A63-817B-AB47F7E5417E}.Release (Core)|Win32.ActiveCfg = Release|Win32
		{E9AB0B6E-F1CA-4A63-817B-AB47F7E5417E}.Release (Core)|Win32.Build.0 = Release|Win32
		{E9AB0B6E-F1CA-4A63-817B-AB47F7E5417E}.Release (gSKI DLL)|Any CPU.ActiveCfg = Release|Win32
		{E9AB0B6E-F1CA-4A63-817B-AB47F7E5417E}.Release (gSKI DLL)|Mixed Platforms.ActiveCfg = Release|Win32
		{E9AB0B6E-F1CA-4A63-817B-AB47F7E5417E}.Release (gSKI DLL)|Mixed Platforms.Build.0 = Release|Win32
		{E9AB0B6E-F1CA-4A63-817B-AB47F7E5417E}.Release (gSKI DLL)|Win32.ActiveCfg = Release|Win32
		{E9AB0B6E-F1CA-4A63-817B-AB47F7E5417E}.Release (gSKI DLL)|Win32.Build.0 = Release|Win32
		{E9AB0B6E-F1CA-4A63-817B-AB47F7E5417E}.Release (no SWIG)|Any CPU.ActiveCfg = Release|Win32
		{E9AB0B6E-F1CA-4A63-817B-AB47F7E5417E}.Release (no SWIG)|Mixed Platforms.ActiveCfg = Release|Win32
		{E9AB0B6E-F1CA-4A63-817B-AB47F7E5417E}.Release (no SWIG)|Mixed Platforms.Build.0 = Release|Win32
		{E9AB0B6E-F1CA-4A63-817B-AB47F7E5417E}.Release (no SWIG)|Win32.ActiveCfg = Release|Win32
		{E9AB0B6E-F1CA-4A63-817B-AB47F7E5417E}.Release (no SWIG)|Win32.Build.0 = Release|Win32
		{E9AB0B6E-F1CA-4A63-817B-AB47F7E5417E}.Release|Any CPU.ActiveCfg = Release|Win32
		{E9AB0B6E-F1CA-4A63-817B-AB47F7E5417E}.Release|Mixed Platforms.ActiveCfg = Release|Win32
		{E9AB0B6E-F1CA-4A63-817B-AB47F7E5417E}.Release|Mixed Platforms.Build.0 = Release|Win32
		{E9AB0B6E-F1CA-4A63-817B-AB47F7E5417E}.Release|Win32.ActiveCfg = Release|Win32
		{E9AB0B6E-F1CA-4A63-817B-AB47F7E5417E}.Release|Win32.Build.0 = Release|Win32
		{E9AB0B6E-F1CA-4A63-817B-AB47F7E5417E}.Release-DLL|Any CPU.ActiveCfg = Release|Win32
		{E9AB0B6E-F1CA-4A63-817B-AB47F7E5417E}.Release-DLL|Mixed Platforms.ActiveCfg = Release|Win32
		{E9AB0B6E-F1CA-4A63-817B-AB47F7E5417E}.Release-DLL|Mixed Platforms.Build.0 = Release|Win32
		{E9AB0B6E-F1CA-4A63-817B-AB47F7E5417E}.Release-DLL|Win32.ActiveCfg = Release|Win32
		{E9AB0B6E-F1CA-4A63-817B-AB47F7E5417E}.Release-DLL|Win32.Build.0 = Release|Win32
		{4C6CC3DE-C022-4043-8E73-72FE1E1224C4}.Debug (Core)|Any CPU.ActiveCfg = Debug|Win32
		{4C6CC3DE-C022-4043-8E73-72FE1E1224C4}.Debug (Core)|Mixed Platforms.ActiveCfg = Debug|Win32
		{4C6CC3DE-C022-4043-8E73-72FE1E1224C4}.Debug (Core)|Mixed Platforms.Build.0 = Debug|Win32
		{4C6CC3DE-C022-4043-8E73-72FE1E1224C4}.Debug (Core)|Win32.ActiveCfg = Debug|Win32
		{4C6CC3DE-C022-4043-8E73-72FE1E1224C4}.Debug (Core)|Win32.Build.0 = Debug|Win32
		{4C6CC3DE-C022-4043-8E73-72FE1E1224C4}.Debug (gSKI DLL)|Any CPU.ActiveCfg = Debug|Win32
		{4C6CC3DE-C022-4043-8E73-72FE1E1224C4}.Debug (gSKI DLL)|Mixed Platforms.ActiveCfg = Debug|Win32
		{4C6CC3DE-C022-4043-8E73-72FE1E1224C4}.Debug (gSKI DLL)|Mixed Platforms.Build.0 = Debug|Win32
		{4C6CC3DE-C022-4043-8E73-72FE1E1224C4}.Debug (gSKI DLL)|Win32.ActiveCfg = Debug|Win32
		{4C6CC3DE-C022-4043-8E73-72FE1E1224C4}.Debug (gSKI DLL)|Win32.Build.0 = Debug|Win32
		{4C6CC3DE-C022-4043-8E73-72FE1E1224C4}.Debug (no SWIG)|Any CPU.ActiveCfg = Debug|Win32
		{4C6CC3DE-C022-4043-8E73-72FE1E1224C4}.Debug (no SWIG)|Mixed Platforms.ActiveCfg = Debug|Win32
		{4C6CC3DE-C022-4043-8E73-72FE1E1224C4}.Debug (no SWIG)|Mixed Platforms.Build.0 = Debug|Win32
		{4C6CC3DE-C022-4043-8E73-72FE1E1224C4}.Debug (no SWIG)|Win32.ActiveCfg = Debug|Win32
		{4C6CC3DE-C022-4043-8E73-72FE1E1224C4}.Debug (no SWIG)|Win32.Build.0 = Debug|Win32
		{4C6CC3DE-C022-4043-8E73-72FE1E1224C4}.Debug|Any CPU.ActiveCfg = Debug|Win32
		{4C6CC3DE-C022-4043-8E73-72FE1E1224C4}.Debug|Mixed Platforms.ActiveCfg = Debug|Win32
		{4C6CC3DE-C022-4043-8E73-72FE1E1224C4}.Debug|Mixed Platforms.Build.0 = Debug|Win32
		{4C6CC3DE-C022-4043-8E73-72FE1E1224C4}.Debug|Win32.ActiveCfg = Debug|Win32
		{4C6CC3DE-C022-4043-8E73-72FE1E1224C4}.Debug|Win32.Build.0 = Debug|Win32
		{4C6CC3DE-C022-4043-8E73-72FE1E1224C4}.Debug-DLL|Any CPU.ActiveCfg = Debug|Win32
		{4C6CC3DE-C022-4043-8E73-72FE1E1224C4}.Debug-DLL|Mixed Platforms.ActiveCfg = Debug|Win32
		{4C6CC3DE-C022-4043-8E73-72FE1E1224C4}.Debug-DLL|Mixed Platforms.Build.0 = Debug|Win32
		{4C6CC3DE-C022-4043-8E73-72FE1E1224C4}.Debug-DLL|Win32.ActiveCfg = Debug|Win32
		{4C6CC3DE-C022-4043-8E73-72FE1E1224C4}.Debug-DLL|Win32.Build.0 = Debug|Win32
		{4C6CC3DE-C022-4043-8E73-72FE1E1224C4}.Release (Core)|Any CPU.ActiveCfg = Release|Win32
		{4C6CC3DE-C022-4043-8E73-72FE1E1224C4}.Release (Core)|Mixed Platforms.ActiveCfg = Release|Win32
		{4C6CC3DE-C022-4043-8E73-72FE1E1224C4}.Release (Core)|Mixed Platforms.Build.0 = Release|Win32
		{4C6CC3DE-C022-4043-8E73-72FE1E1224C4}.Release (Core)|Win32.ActiveCfg = Release|Win32
		{4C6CC3DE-C022-4043-8E73-72FE1E1224C4}.Release (Core)|Win32.Build.0 = Release|Win32
		{4C6CC3DE-C022-4043-8E73-72FE1E1224C4}.Release (gSKI DLL)|Any CPU.ActiveCfg = Release|Win32
		{4C6CC3DE-C022-4043-8E73-72FE1E1224C4}.Release (gSKI DLL)|Mixed Platforms.ActiveCfg = Release|Win32
		{4C6CC3DE-C022-4043-8E73-72FE1E1224C4}.Release (gSKI DLL)|Mixed Platforms.Build.0 = Release|Win32
		{4C6CC3DE-C022-4043-8E73-72FE1E1224C4}.Release (gSKI DLL)|Win32.ActiveCfg = Release|Win32
		{4C6CC3DE-C022-4043-8E73-72FE1E1224C4}.Release (gSKI DLL)|Win32.Build.0 = Release|Win32
		{4C6CC3DE-C022-4043-8E73-72FE1E1224C4}.Release (no SWIG)|Any CPU.ActiveCfg = Release|Win32
		{4C6CC3DE-C022-4043-8E73-72FE1E1224C4}.Release (no SWIG)|Mixed Platforms.ActiveCfg = Release|Win32
		{4C6CC3DE-C022-4043-8E73-72FE1E1224C4}.Release (no SWIG)|Mixed Platforms.Build.0 = Release|Win32
		{4C6CC3DE-C022-4043-8E73-72FE1E1224C4}.Release (no SWIG)|Win32.ActiveCfg = Release|Win32
		{4C6CC3DE-C022-4043-8E73-72FE1E1224C4}.Release (no SWIG)|Win32.Build.0 = Release|Win32
		{4C6CC3DE-C022-4043-8E73-72FE1E1224C4}.Release|Any CPU.ActiveCfg = Release|Win32
		{4C6CC3DE-C022-4043-8E73-72FE1E1224C4}.Release|Mixed Platforms.ActiveCfg = Release|Win32
		{4C6CC3DE-C022-4043-8E73-72FE1E1224C4}.Release|Mixed Platforms.Build.0 = Release|Win32
		{4C6CC3DE-C022-4043-8E73-72FE1E1224C4}.Release|Win32.ActiveCfg = Release|Win32
		{4C6CC3DE-C022-4043-8E73-72FE1E1224C4}.Release|Win32.Build.0 = Release|Win32
		{4C6CC3DE-C022-4043-8E73-72FE1E1224C4}.Release-DLL|Any CPU.ActiveCfg = Release|Win32
		{4C6CC3DE-C022-4043-8E73-72FE1E1224C4}.Release-DLL|Mixed Platforms.ActiveCfg = Release|Win32
		{4C6CC3DE-C022-4043-8E73-72FE1E1224C4}.Release-DLL|Mixed Platforms.Build.0 = Release|Win32
		{4C6CC3DE-C022-4043-8E73-72FE1E1224C4}.Release-DLL|Win32.ActiveCfg = Release|Win32
		{4C6CC3DE-C022-4043-8E73-72FE1E1224C4}.Release-DLL|Win32.Build.0 = Release|Win32
		{161DC1AD-FB4B-4370-9FD5-B02E2A0D8A36}.Debug (Core)|Any CPU.ActiveCfg = Debug|Win32
		{161DC1AD-FB4B-4370-9FD5-B02E2A0D8A36}.Debug (Core)|Mixed Platforms.ActiveCfg = Debug|Win32
		{161DC1AD-FB4B-4370-9FD5-B02E2A0D8A36}.Debug (Core)|Mixed Platforms.Build.0 = Debug|Win32
		{161DC1AD-FB4B-4370-9FD5-B02E2A0D8A36}.Debug (Core)|Win32.ActiveCfg = Debug|Win32
		{161DC1AD-FB4B-4370-9FD5-B02E2A0D8A36}.Debug (Core)|Win32.Build.0 = Debug|Win32
		{161DC1AD-FB4B-4370-9FD5-B02E2A0D8A36}.Debug (gSKI DLL)|Any CPU.ActiveCfg = Debug|Win32
		{161DC1AD-FB4B-4370-9FD5-B02E2A0D8A36}.Debug (gSKI DLL)|Mixed Platforms.ActiveCfg = Debug|Win32
		{161DC1AD-FB4B-4370-9FD5-B02E2A0D8A36}.Debug (gSKI DLL)|Mixed Platforms.Build.0 = Debug|Win32
		{161DC1AD-FB4B-4370-9FD5-B02E2A0D8A36}.Debug (gSKI DLL)|Win32.ActiveCfg = Debug|Win32
		{161DC1AD-FB4B-4370-9FD5-B02E2A0D8A36}.Debug (gSKI DLL)|Win32.Build.0 = Debug|Win32
		{161DC1AD-FB4B-4370-9FD5-B02E2A0D8A36}.Debug (no SWIG)|Any CPU.ActiveCfg = Debug|Win32
		{161DC1AD-FB4B-4370-9FD5-B02E2A0D8A36}.Debug (no SWIG)|Mixed Platforms.ActiveCfg = Debug|Win32
		{161DC1AD-FB4B-4370-9FD5-B02E2A0D8A36}.Debug (no SWIG)|Mixed Platforms.Build.0 = Debug|Win32
		{161DC1AD-FB4B-4370-9FD5-B02E2A0D8A36}.Debug (no SWIG)|Win32.ActiveCfg = Debug|Win32
		{161DC1AD-FB4B-4370-9FD5-B02E2A0D8A36}.Debug (no SWIG)|Win32.Build.0 = Debug|Win32
		{161DC1AD-FB4B-4370-9FD5-B02E2A0D8A36}.Debug|Any CPU.ActiveCfg = Debug|Win32
		{161DC1AD-FB4B-4370-9FD5-B02E2A0D8A36}.Debug|Mixed Platforms.ActiveCfg = Debug|Win32
		{161DC1AD-FB4B-4370-9FD5-B02E2A0D8A36}.Debug|Mixed Platforms.Build.0 = Debug|Win32
		{161DC1AD-FB4B-4370-9FD5-B02E2A0D8A36}.Debug|Win32.ActiveCfg = Debug|Win32
		{161DC1AD-FB4B-4370-9FD5-B02E2A0D8A36}.Debug|Win32.Build.0 = Debug|Win32
		{161DC1AD-FB4B-4370-9FD5-B02E2A0D8A36}.Debug-DLL|Any CPU.ActiveCfg = Debug|Win32
		{161DC1AD-FB4B-4370-9FD5-B02E2A0D8A36}.Debug-DLL|Mixed Platforms.ActiveCfg = Debug|Win32
		{161DC1AD-FB4B-4370-9FD5-B02E2A0D8A36}.Debug-DLL|Mixed Platforms.Build.0 = Debug|Win32
		{161DC1AD-FB4B-4370-9FD5-B02E2A0D8A36}.Debug-DLL|Win32.ActiveCfg = Debug|Win32
		{161DC1AD-FB4B-4370-9FD5-B02E2A0D8A36}.Debug-DLL|Win32.Build.0 = Debug|Win32
		{161DC1AD-FB4B-4370-9FD5-B02E2A0D8A36}.Release (Core)|Any CPU.ActiveCfg = Release|Win32
		{161DC1AD-FB4B-4370-9FD5-B02E2A0D8A36}.Release (Core)|Mixed Platforms.ActiveCfg = Release|Win32
		{161DC1AD-FB4B-4370-9FD5-B02E2A0D8A36}.Release (Core)|Mixed Platforms.Build.0 = Release|Win32
		{161DC1AD-FB4B-4370-9FD5-B02E2A0D8A36}.Release (Core)|Win32.ActiveCfg = Release|Win32
		{161DC1AD-FB4B-4370-9FD5-B02E2A0D8A36}.Release (Core)|Win32.Build.0 = Release|Win32
		{161DC1AD-FB4B-4370-9FD5-B02E2A0D8A36}.Release (gSKI DLL)|Any CPU.ActiveCfg = Release|Win32
		{161DC1AD-FB4B-4370-9FD5-B02E2A0D8A36}.Release (gSKI DLL)|Mixed Platforms.ActiveCfg = Release|Win32
		{161DC1AD-FB4B-4370-9FD5-B02E2A0D8A36}.Release (gSKI DLL)|Mixed Platforms.Build.0 = Release|Win32
		{161DC1AD-FB4B-4370-9FD5-B02E2A0D8A36}.Release (gSKI DLL)|Win32.ActiveCfg = Release|Win32
		{161DC1AD-FB4B-4370-9FD5-B02E2A0D8A36}.Release (gSKI DLL)|Win32.Build.0 = Release|Win32
		{161DC1AD-FB4B-4370-9FD5-B02E2A0D8A36}.Release (no SWIG)|Any CPU.ActiveCfg = Release|Win32
		{161DC1AD-FB4B-4370-9FD5-B02E2A0D8A36}.Release (no SWIG)|Mixed Platforms.ActiveCfg = Release|Win32
		{161DC1AD-FB4B-4370-9FD5-B02E2A0D8A36}.Release (no SWIG)|Mixed Platforms.Build.0 = Release|Win32
		{161DC1AD-FB4B-4370-9FD5-B02E2A0D8A36}.Release (no SWIG)|Win32.ActiveCfg = Release|Win32
		{161DC1AD-FB4B-4370-9FD5-B02E2A0D8A36}.Release (no SWIG)|Win32.Build.0 = Release|Win32
		{161DC1AD-FB4B-4370-9FD5-B02E2A0D8A36}.Release|Any CPU.ActiveCfg = Release|Win32
		{161DC1AD-FB4B-4370-9FD5-B02E2A0D8A36}.Release|Mixed Platforms.ActiveCfg = Release|Win32
		{161DC1AD-FB4B-4370-9FD5-B02E2A0D8A36}.Release|Mixed Platforms.Build.0 = Release|Win32
		{161DC1AD-FB4B-4370-9FD5-B02E2A0D8A36}.Release|Win32.ActiveCfg = Release|Win32
		{161DC1AD-FB4B-4370-9FD5-B02E2A0D8A36}.Release|Win32.Build.0 = Release|Win32
		{161DC1AD-FB4B-4370-9FD5-B02E2A0D8A36}.Release-DLL|Any CPU.ActiveCfg = Release|Win32
		{161DC1AD-FB4B-4370-9FD5-B02E2A0D8A36}.Release-DLL|Mixed Platforms.ActiveCfg = Release|Win32
		{161DC1AD-FB4B-4370-9FD5-B02E2A0D8A36}.Release-DLL|Mixed Platforms.Build.0 = Release|Win32
		{161DC1AD-FB4B-4370-9FD5-B02E2A0D8A36}.Release-DLL|Win32.ActiveCfg = Release|Win32
		{161DC1AD-FB4B-4370-9FD5-B02E2A0D8A36}.Release-DLL|Win32.Build.0 = Release|Win32
		{3EDBED11-A1B3-4E00-8B6E-652523D482F0}.Debug (Core)|Any CPU.ActiveCfg = Debug|Win32
		{3EDBED11-A1B3-4E00-8B6E-652523D482F0}.Debug (Core)|Mixed Platforms.ActiveCfg = Debug|Win32
		{3EDBED11-A1B3-4E00-8B6E-652523D482F0}.Debug (Core)|Mixed Platforms.Build.0 = Debug|Win32
		{3EDBED11-A1B3-4E00-8B6E-652523D482F0}.Debug (Core)|Win32.ActiveCfg = Debug|Win32
		{3EDBED11-A1B3-4E00-8B6E-652523D482F0}.Debug (Core)|Win32.Build.0 = Debug|Win32
		{3EDBED11-A1B3-4E00-8B6E-652523D482F0}.Debug (gSKI DLL)|Any CPU.ActiveCfg = Debug|Win32
		{3EDBED11-A1B3-4E00-8B6E-652523D482F0}.Debug (gSKI DLL)|Mixed Platforms.ActiveCfg = Debug|Win32
		{3EDBED11-A1B3-4E00-8B6E-652523D482F0}.Debug (gSKI DLL)|Mixed Platforms.Build.0 = Debug|Win32
		{3EDBED11-A1B3-4E00-8B6E-652523D482F0}.Debug (gSKI DLL)|Win32.ActiveCfg = Debug|Win32
		{3EDBED11-A1B3-4E00-8B6E-652523D482F0}.Debug (gSKI DLL)|Win32.Build.0 = Debug|Win32
		{3EDBED11-A1B3-4E00-8B6E-652523D482F0}.Debug (no SWIG)|Any CPU.ActiveCfg = Debug|Win32
		{3EDBED11-A1B3-4E00-8B6E-652523D482F0}.Debug (no SWIG)|Mixed Platforms.ActiveCfg = Debug|Win32
		{3EDBED11-A1B3-4E00-8B6E-652523D482F0}.Debug (no SWIG)|Mixed Platforms.Build.0 = Debug|Win32
		{3EDBED11-A1B3-4E00-8B6E-652523D482F0}.Debug (no SWIG)|Win32.ActiveCfg = Debug|Win32
		{3EDBED11-A1B3-4E00-8B6E-652523D482F0}.Debug (no SWIG)|Win32.Build.0 = Debug|Win32
		{3EDBED11-A1B3-4E00-8B6E-652523D482F0}.Debug|Any CPU.ActiveCfg = Debug|Win32
		{3EDBED11-A1B3-4E00-8B6E-652523D482F0}.Debug|Mixed Platforms.ActiveCfg = Debug|Win32
		{3EDBED11-A1B3-4E00-8B6E-652523D482F0}.Debug|Mixed Platforms.Build.0 = Debug|Win32
		{3EDBED11-A1B3-4E00-8B6E-652523D482F0}.Debug|Win32.ActiveCfg = Debug|Win32
		{3EDBED11-A1B3-4E00-8B6E-652523D482F0}.Debug|Win32.Build.0 = Debug|Win32
		{3EDBED11-A1B3-4E00-8B6E-652523D482F0}.Debug-DLL|Any CPU.ActiveCfg = Debug|Win32
		{3EDBED11-A1B3-4E00-8B6E-652523D482F0}.Debug-DLL|Mixed Platforms.ActiveCfg = Debug|Win32
		{3EDBED11-A1B3-4E00-8B6E-652523D482F0}.Debug-DLL|Mixed Platforms.Build.0 = Debug|Win32
		{3EDBED11-A1B3-4E00-8B6E-652523D482F0}.Debug-DLL|Win32.ActiveCfg = Debug|Win32
		{3EDBED11-A1B3-4E00-8B6E-652523D482F0}.Debug-DLL|Win32.Build.0 = Debug|Win32
		{3EDBED11-A1B3-4E00-8B6E-652523D482F0}.Release (Core)|Any CPU.ActiveCfg = Release|Win32
		{3EDBED11-A1B3-4E00-8B6E-652523D482F0}.Release (Core)|Mixed Platforms.ActiveCfg = Release|Win32
		{3EDBED11-A1B3-4E00-8B6E-652523D482F0}.Release (Core)|Mixed Platforms.Build.0 = Release|Win32
		{3EDBED11-A1B3-4E00-8B6E-652523D482F0}.Release (Core)|Win32.ActiveCfg = Release|Win32
		{3EDBED11-A1B3-4E00-8B6E-652523D482F0}.Release (Core)|Win32.Build.0 = Release|Win32
		{3EDBED11-A1B3-4E00-8B6E-652523D482F0}.Release (gSKI DLL)|Any CPU.ActiveCfg = Release|Win32
		{3EDBED11-A1B3-4E00-8B6E-652523D482F0}.Release (gSKI DLL)|Mixed Platforms.ActiveCfg = Release|Win32
		{3EDBED11-A1B3-4E00-8B6E-652523D482F0}.Release (gSKI DLL)|Mixed Platforms.Build.0 = Release|Win32
		{3EDBED11-A1B3-4E00-8B6E-652523D482F0}.Release (gSKI DLL)|Win32.ActiveCfg = Release|Win32
		{3EDBED11-A1B3-4E00-8B6E-652523D482F0}.Release (gSKI DLL)|Win32.Build.0 = Release|Win32
		{3EDBED11-A1B3-4E00-8B6E-652523D482F0}.Release (no SWIG)|Any CPU.ActiveCfg = Release|Win32
		{3EDBED11-A1B3-4E00-8B6E-652523D482F0}.Release (no SWIG)|Mixed Platforms.ActiveCfg = Release|Win32
		{3EDBED11-A1B3-4E00-8B6E-652523D482F0}.Release (no SWIG)|Mixed Platforms.Build.0 = Release|Win32
		{3EDBED11-A1B3-4E00-8B6E-652523D482F0}.Release (no SWIG)|Win32.ActiveCfg = Release|Win32
		{3EDBED11-A1B3-4E00-8B6E-652523D482F0}.Release (no SWIG)|Win32.Build.0 = Release|Win32
		{3EDBED11-A1B3-4E00-8B6E-652523D482F0}.Release|Any CPU.ActiveCfg = Release|Win32
		{3EDBED11-A1B3-4E00-8B6E-652523D482F0}.Release|Mixed Platforms.ActiveCfg = Release|Win32
		{3EDBED11-A1B3-4E00-8B6E-652523D482F0}.Release|Mixed Platforms.Build.0 = Release|Win32
		{3EDBED11-A1B3-4E00-8B6E-652523D482F0}.Release|Win32.ActiveCfg = Release|Win32
		{3EDBED11-A1B3-4E00-8B6E-652523D482F0}.Release|Win32.Build.0 = Release|Win32
		{3EDBED11-A1B3-4E00-8B6E-652523D482F0}.Release-DLL|Any CPU.ActiveCfg = Release|Win32
		{3EDBED11-A1B3-4E00-8B6E-652523D482F0}.Release-DLL|Mixed Platforms.ActiveCfg = Release|Win32
		{3EDBED11-A1B3-4E00-8B6E-652523D482F0}.Release-DLL|Mixed Platforms.Build.0 = Release|Win32
		{3EDBED11-A1B3-4E00-8B6E-652523D482F0}.Release-DLL|Win32.ActiveCfg = Release|Win32
		{3EDBED11-A1B3-4E00-8B6E-652523D482F0}.Release-DLL|Win32.Build.0 = Release|Win32
		{6B2CBC5A-4A7A-46BB-9274-6C91262E9374}.Debug (Core)|Any CPU.ActiveCfg = Debug|Win32
		{6B2CBC5A-4A7A-46BB-9274-6C91262E9374}.Debug (Core)|Mixed Platforms.ActiveCfg = Debug|Win32
		{6B2CBC5A-4A7A-46BB-9274-6C91262E9374}.Debug (Core)|Mixed Platforms.Build.0 = Debug|Win32
		{6B2CBC5A-4A7A-46BB-9274-6C91262E9374}.Debug (Core)|Win32.ActiveCfg = Debug|Win32
		{6B2CBC5A-4A7A-46BB-9274-6C91262E9374}.Debug (Core)|Win32.Build.0 = Debug|Win32
		{6B2CBC5A-4A7A-46BB-9274-6C91262E9374}.Debug (gSKI DLL)|Any CPU.ActiveCfg = Debug|Win32
		{6B2CBC5A-4A7A-46BB-9274-6C91262E9374}.Debug (gSKI DLL)|Mixed Platforms.ActiveCfg = Debug|Win32
		{6B2CBC5A-4A7A-46BB-9274-6C91262E9374}.Debug (gSKI DLL)|Mixed Platforms.Build.0 = Debug|Win32
		{6B2CBC5A-4A7A-46BB-9274-6C91262E9374}.Debug (gSKI DLL)|Win32.ActiveCfg = Debug|Win32
		{6B2CBC5A-4A7A-46BB-9274-6C91262E9374}.Debug (gSKI DLL)|Win32.Build.0 = Debug|Win32
		{6B2CBC5A-4A7A-46BB-9274-6C91262E9374}.Debug (no SWIG)|Any CPU.ActiveCfg = Debug|Win32
		{6B2CBC5A-4A7A-46BB-9274-6C91262E9374}.Debug (no SWIG)|Mixed Platforms.ActiveCfg = Debug|Win32
		{6B2CBC5A-4A7A-46BB-9274-6C91262E9374}.Debug (no SWIG)|Mixed Platforms.Build.0 = Debug|Win32
		{6B2CBC5A-4A7A-46BB-9274-6C91262E9374}.Debug (no SWIG)|Win32.ActiveCfg = Debug|Win32
		{6B2CBC5A-4A7A-46BB-9274-6C91262E9374}.Debug (no SWIG)|Win32.Build.0 = Debug|Win32
		{6B2CBC5A-4A7A-46BB-9274-6C91262E9374}.Debug|Any CPU.ActiveCfg = Debug|Win32
		{6B2CBC5A-4A7A-46BB-9274-6C91262E9374}.Debug|Mixed Platforms.ActiveCfg = Debug|Win32
		{6B2CBC5A-4A7A-46BB-9274-6C91262E9374}.Debug|Mixed Platforms.Build.0 = Debug|Win32
		{6B2CBC5A-4A7A-46BB-9274-6C91262E9374}.Debug|Win32.ActiveCfg = Debug|Win32
		{6B2CBC5A-4A7A-46BB-9274-6C91262E9374}.Debug|Win32.Build.0 = Debug|Win32
		{6B2CBC5A-4A7A-46BB-9274-6C91262E9374}.Debug-DLL|Any CPU.ActiveCfg = Debug|Win32
		{6B2CBC5A-4A7A-46BB-9274-6C91262E9374}.Debug-DLL|Mixed Platforms.ActiveCfg = Debug|Win32
		{6B2CBC5A-4A7A-46BB-9274-6C91262E9374}.Debug-DLL|Mixed Platforms.Build.0 = Debug|Win32
		{6B2CBC5A-4A7A-46BB-9274-6C91262E9374}.Debug-DLL|Win32.ActiveCfg = Debug|Win32
		{6B2CBC5A-4A7A-46BB-9274-6C91262E9374}.Debug-DLL|Win32.Build.0 = Debug|Win32
		{6B2CBC5A-4A7A-46BB-9274-6C91262E9374}.Release (Core)|Any CPU.ActiveCfg = Release|Win32
		{6B2CBC5A-4A7A-46BB-9274-6C91262E9374}.Release (Core)|Mixed Platforms.ActiveCfg = Release|Win32
		{6B2CBC5A-4A7A-46BB-9274-6C91262E9374}.Release (Core)|Mixed Platforms.Build.0 = Release|Win32
		{6B2CBC5A-4A7A-46BB-9274-6C91262E9374}.Release (Core)|Win32.ActiveCfg = Release|Win32
		{6B2CBC5A-4A7A-46BB-9274-6C91262E9374}.Release (Core)|Win32.Build.0 = Release|Win32
		{6B2CBC5A-4A7A-46BB-9274-6C91262E9374}.Release (gSKI DLL)|Any CPU.ActiveCfg = Release|Win32
		{6B2CBC5A-4A7A-46BB-9274-6C91262E9374}.Release (gSKI DLL)|Mixed Platforms.ActiveCfg = Release|Win32
		{6B2CBC5A-4A7A-46BB-9274-6C91262E9374}.Release (gSKI DLL)|Mixed Platforms.Build.0 = Release|Win32
		{6B2CBC5A-4A7A-46BB-9274-6C91262E9374}.Release (gSKI DLL)|Win32.ActiveCfg = Release|Win32
		{6B2CBC5A-4A7A-46BB-9274-6C91262E9374}.Release (gSKI DLL)|Win32.Build.0 = Release|Win32
		{6B2CBC5A-4A7A-46BB-9274-6C91262E9374}.Release (no SWIG)|Any CPU.ActiveCfg = Release|Win32
		{6B2CBC5A-4A7A-46BB-9274-6C91262E9374}.Release (no SWIG)|Mixed Platforms.ActiveCfg = Release|Win32
		{6B2CBC5A-4A7A-46BB-9274-6C91262E9374}.Release (no SWIG)|Mixed Platforms.Build.0 = Release|Win32
		{6B2CBC5A-4A7A-46BB-9274-6C91262E9374}.Release (no SWIG)|Win32.ActiveCfg = Release|Win32
		{6B2CBC5A-4A7A-46BB-9274-6C91262E9374}.Release (no SWIG)|Win32.Build.0 = Release|Win32
		{6B2CBC5A-4A7A-46BB-9274-6C91262E9374}.Release|Any CPU.ActiveCfg = Release|Win32
		{6B2CBC5A-4A7A-46BB-9274-6C91262E9374}.Release|Mixed Platforms.ActiveCfg = Release|Win32
		{6B2CBC5A-4A7A-46BB-9274-6C91262E9374}.Release|Mixed Platforms.Build.0 = Release|Win32
		{6B2CBC5A-4A7A-46BB-9274-6C91262E9374}.Release|Win32.ActiveCfg = Release|Win32
		{6B2CBC5A-4A7A-46BB-9274-6C91262E9374}.Release|Win32.Build.0 = Release|Win32
		{6B2CBC5A-4A7A-46BB-9274-6C91262E9374}.Release-DLL|Any CPU.ActiveCfg = Release|Win32
		{6B2CBC5A-4A7A-46BB-9274-6C91262E9374}.Release-DLL|Mixed Platforms.ActiveCfg = Release|Win32
		{6B2CBC5A-4A7A-46BB-9274-6C91262E9374}.Release-DLL|Mixed Platforms.Build.0 = Release|Win32
		{6B2CBC5A-4A7A-46BB-9274-6C91262E9374}.Release-DLL|Win32.ActiveCfg = Release|Win32
		{6B2CBC5A-4A7A-46BB-9274-6C91262E9374}.Release-DLL|Win32.Build.0 = Release|Win32
		{DCF419E9-7A52-422D-B9CF-8B70FFC6158D}.Debug (Core)|Any CPU.ActiveCfg = Debug|Win32
		{DCF419E9-7A52-422D-B9CF-8B70FFC6158D}.Debug (Core)|Mixed Platforms.ActiveCfg = Debug|Win32
		{DCF419E9-7A52-422D-B9CF-8B70FFC6158D}.Debug (Core)|Win32.ActiveCfg = Debug|Win32
		{DCF419E9-7A52-422D-B9CF-8B70FFC6158D}.Debug (Core)|Win32.Build.0 = Debug|Win32
		{DCF419E9-7A52-422D-B9CF-8B70FFC6158D}.Debug (gSKI DLL)|Any CPU.ActiveCfg = Debug|Win32
		{DCF419E9-7A52-422D-B9CF-8B70FFC6158D}.Debug (gSKI DLL)|Mixed Platforms.ActiveCfg = Debug|Win32
		{DCF419E9-7A52-422D-B9CF-8B70FFC6158D}.Debug (gSKI DLL)|Mixed Platforms.Build.0 = Debug|Win32
		{DCF419E9-7A52-422D-B9CF-8B70FFC6158D}.Debug (gSKI DLL)|Win32.ActiveCfg = Debug|Win32
		{DCF419E9-7A52-422D-B9CF-8B70FFC6158D}.Debug (gSKI DLL)|Win32.Build.0 = Debug|Win32
		{DCF419E9-7A52-422D-B9CF-8B70FFC6158D}.Debug (no SWIG)|Any CPU.ActiveCfg = Debug|Win32
		{DCF419E9-7A52-422D-B9CF-8B70FFC6158D}.Debug (no SWIG)|Mixed Platforms.ActiveCfg = Debug|Win32
		{DCF419E9-7A52-422D-B9CF-8B70FFC6158D}.Debug (no SWIG)|Mixed Platforms.Build.0 = Debug|Win32
		{DCF419E9-7A52-422D-B9CF-8B70FFC6158D}.Debug (no SWIG)|Win32.ActiveCfg = Debug|Win32
		{DCF419E9-7A52-422D-B9CF-8B70FFC6158D}.Debug (no SWIG)|Win32.Build.0 = Debug|Win32
		{DCF419E9-7A52-422D-B9CF-8B70FFC6158D}.Debug|Any CPU.ActiveCfg = Debug|Win32
		{DCF419E9-7A52-422D-B9CF-8B70FFC6158D}.Debug|Mixed Platforms.ActiveCfg = Debug|Win32
		{DCF419E9-7A52-422D-B9CF-8B70FFC6158D}.Debug|Mixed Platforms.Build.0 = Debug|Win32
		{DCF419E9-7A52-422D-B9CF-8B70FFC6158D}.Debug|Win32.ActiveCfg = Debug|Win32
		{DCF419E9-7A52-422D-B9CF-8B70FFC6158D}.Debug|Win32.Build.0 = Debug|Win32
		{DCF419E9-7A52-422D-B9CF-8B70FFC6158D}.Debug-DLL|Any CPU.ActiveCfg = Debug|Win32
		{DCF419E9-7A52-422D-B9CF-8B70FFC6158D}.Debug-DLL|Mixed Platforms.ActiveCfg = Debug|Win32
		{DCF419E9-7A52-422D-B9CF-8B70FFC6158D}.Debug-DLL|Mixed Platforms.Build.0 = Debug|Win32
		{DCF419E9-7A52-422D-B9CF-8B70FFC6158D}.Debug-DLL|Win32.ActiveCfg = Debug|Win32
		{DCF419E9-7A52-422D-B9CF-8B70FFC6158D}.Debug-DLL|Win32.Build.0 = Debug|Win32
		{DCF419E9-7A52-422D-B9CF-8B70FFC6158D}.Release (Core)|Any CPU.ActiveCfg = Release|Win32
		{DCF419E9-7A52-422D-B9CF-8B70FFC6158D}.Release (Core)|Mixed Platforms.ActiveCfg = Release|Win32
		{DCF419E9-7A52-422D-B9CF-8B70FFC6158D}.Release (Core)|Win32.ActiveCfg = Release|Win32
		{DCF419E9-7A52-422D-B9CF-8B70FFC6158D}.Release (Core)|Win32.Build.0 = Release|Win32
		{DCF419E9-7A52-422D-B9CF-8B70FFC6158D}.Release (gSKI DLL)|Any CPU.ActiveCfg = Release|Win32
		{DCF419E9-7A52-422D-B9CF-8B70FFC6158D}.Release (gSKI DLL)|Mixed Platforms.ActiveCfg = Release|Win32
		{DCF419E9-7A52-422D-B9CF-8B70FFC6158D}.Release (gSKI DLL)|Mixed Platforms.Build.0 = Release|Win32
		{DCF419E9-7A52-422D-B9CF-8B70FFC6158D}.Release (gSKI DLL)|Win32.ActiveCfg = Release|Win32
		{DCF419E9-7A52-422D-B9CF-8B70FFC6158D}.Release (gSKI DLL)|Win32.Build.0 = Release|Win32
		{DCF419E9-7A52-422D-B9CF-8B70FFC6158D}.Release (no SWIG)|Any CPU.ActiveCfg = Release|Win32
		{DCF419E9-7A52-422D-B9CF-8B70FFC6158D}.Release (no SWIG)|Mixed Platforms.ActiveCfg = Release|Win32
		{DCF419E9-7A52-422D-B9CF-8B70FFC6158D}.Release (no SWIG)|Mixed Platforms.Build.0 = Release|Win32
		{DCF419E9-7A52-422D-B9CF-8B70FFC6158D}.Release (no SWIG)|Win32.ActiveCfg = Release|Win32
		{DCF419E9-7A52-422D-B9CF-8B70FFC6158D}.Release (no SWIG)|Win32.Build.0 = Release|Win32
		{DCF419E9-7A52-422D-B9CF-8B70FFC6158D}.Release|Any CPU.ActiveCfg = Release|Win32
		{DCF419E9-7A52-422D-B9CF-8B70FFC6158D}.Release|Mixed Platforms.ActiveCfg = Release|Win32
		{DCF419E9-7A52-422D-B9CF-8B70FFC6158D}.Release|Mixed Platforms.Build.0 = Release|Win32
		{DCF419E9-7A52-422D-B9CF-8B70FFC6158D}.Release|Win32.ActiveCfg = Release|Win32
		{DCF419E9-7A52-422D-B9CF-8B70FFC6158D}.Release|Win32.Build.0 = Release|Win32
		{DCF419E9-7A52-422D-B9CF-8B70FFC6158D}.Release-DLL|Any CPU.ActiveCfg = Release|Win32
		{DCF419E9-7A52-422D-B9CF-8B70FFC6158D}.Release-DLL|Mixed Platforms.ActiveCfg = Release|Win32
		{DCF419E9-7A52-422D-B9CF-8B70FFC6158D}.Release-DLL|Mixed Platforms.Build.0 = Release|Win32
		{DCF419E9-7A52-422D-B9CF-8B70FFC6158D}.Release-DLL|Win32.ActiveCfg = Release|Win32
		{DCF419E9-7A52-422D-B9CF-8B70FFC6158D}.Release-DLL|Win32.Build.0 = Release|Win32
		{A42713E1-1933-4AD4-8C7C-6A428B3C44E2}.Debug (Core)|Any CPU.ActiveCfg = Debug|Win32
		{A42713E1-1933-4AD4-8C7C-6A428B3C44E2}.Debug (Core)|Mixed Platforms.ActiveCfg = Debug|Win32
		{A42713E1-1933-4AD4-8C7C-6A428B3C44E2}.Debug (Core)|Win32.ActiveCfg = Debug|Win32
		{A42713E1-1933-4AD4-8C7C-6A428B3C44E2}.Debug (Core)|Win32.Build.0 = Debug|Win32
		{A42713E1-1933-4AD4-8C7C-6A428B3C44E2}.Debug (gSKI DLL)|Any CPU.ActiveCfg = Debug|Win32
		{A42713E1-1933-4AD4-8C7C-6A428B3C44E2}.Debug (gSKI DLL)|Mixed Platforms.ActiveCfg = Debug|Win32
		{A42713E1-1933-4AD4-8C7C-6A428B3C44E2}.Debug (gSKI DLL)|Mixed Platforms.Build.0 = Debug|Win32
		{A42713E1-1933-4AD4-8C7C-6A428B3C44E2}.Debug (gSKI DLL)|Win32.ActiveCfg = Debug|Win32
		{A42713E1-1933-4AD4-8C7C-6A428B3C44E2}.Debug (gSKI DLL)|Win32.Build.0 = Debug|Win32
		{A42713E1-1933-4AD4-8C7C-6A428B3C44E2}.Debug (no SWIG)|Any CPU.ActiveCfg = Debug|Win32
		{A42713E1-1933-4AD4-8C7C-6A428B3C44E2}.Debug (no SWIG)|Mixed Platforms.ActiveCfg = Debug|Win32
		{A42713E1-1933-4AD4-8C7C-6A428B3C44E2}.Debug (no SWIG)|Mixed Platforms.Build.0 = Debug|Win32
		{A42713E1-1933-4AD4-8C7C-6A428B3C44E2}.Debug (no SWIG)|Win32.ActiveCfg = Debug|Win32
		{A42713E1-1933-4AD4-8C7C-6A428B3C44E2}.Debug (no SWIG)|Win32.Build.0 = Debug|Win32
		{A42713E1-1933-4AD4-8C7C-6A428B3C44E2}.Debug|Any CPU.ActiveCfg = Debug|Win32
		{A42713E1-1933-4AD4-8C7C-6A428B3C44E2}.Debug|Mixed Platforms.ActiveCfg = Debug|Win32
		{A42713E1-1933-4AD4-8C7C-6A428B3C44E2}.Debug|Mixed Platforms.Build.0 = Debug|Win32
		{A42713E1-1933-4AD4-8C7C-6A428B3C44E2}.Debug|Win32.ActiveCfg = Debug|Win32
		{A42713E1-1933-4AD4-8C7C-6A428B3C44E2}.Debug|Win32.Build.0 = Debug|Win32
		{A42713E1-1933-4AD4-8C7C-6A428B3C44E2}.Debug-DLL|Any CPU.ActiveCfg = Debug|Win32
		{A42713E1-1933-4AD4-8C7C-6A428B3C44E2}.Debug-DLL|Mixed Platforms.ActiveCfg = Debug|Win32
		{A42713E1-1933-4AD4-8C7C-6A428B3C44E2}.Debug-DLL|Mixed Platforms.Build.0 = Debug|Win32
		{A42713E1-1933-4AD4-8C7C-6A428B3C44E2}.Debug-DLL|Win32.ActiveCfg = Debug|Win32
		{A42713E1-1933-4AD4-8C7C-6A428B3C44E2}.Debug-DLL|Win32.Build.0 = Debug|Win32
		{A42713E1-1933-4AD4-8C7C-6A428B3C44E2}.Release (Core)|Any CPU.ActiveCfg = Release|Win32
		{A42713E1-1933-4AD4-8C7C-6A428B3C44E2}.Release (Core)|Mixed Platforms.ActiveCfg = Release|Win32
		{A42713E1-1933-4AD4-8C7C-6A428B3C44E2}.Release (Core)|Win32.ActiveCfg = Release|Win32
		{A42713E1-1933-4AD4-8C7C-6A428B3C44E2}.Release (Core)|Win32.Build.0 = Release|Win32
		{A42713E1-1933-4AD4-8C7C-6A428B3C44E2}.Release (gSKI DLL)|Any CPU.ActiveCfg = Release|Win32
		{A42713E1-1933-4AD4-8C7C-6A428B3C44E2}.Release (gSKI DLL)|Mixed Platforms.ActiveCfg = Release|Win32
		{A42713E1-1933-4AD4-8C7C-6A428B3C44E2}.Release (gSKI DLL)|Mixed Platforms.Build.0 = Release|Win32
		{A42713E1-1933-4AD4-8C7C-6A428B3C44E2}.Release (gSKI DLL)|Win32.ActiveCfg = Release|Win32
		{A42713E1-1933-4AD4-8C7C-6A428B3C44E2}.Release (gSKI DLL)|Win32.Build.0 = Release|Win32
		{A42713E1-1933-4AD4-8C7C-6A428B3C44E2}.Release (no SWIG)|Any CPU.ActiveCfg = Release|Win32
		{A42713E1-1933-4AD4-8C7C-6A428B3C44E2}.Release (no SWIG)|Mixed Platforms.ActiveCfg = Release|Win32
		{A42713E1-1933-4AD4-8C7C-6A428B3C44E2}.Release (no SWIG)|Mixed Platforms.Build.0 = Release|Win32
		{A42713E1-1933-4AD4-8C7C-6A428B3C44E2}.Release (no SWIG)|Win32.ActiveCfg = Release|Win32
		{A42713E1-1933-4AD4-8C7C-6A428B3C44E2}.Release (no SWIG)|Win32.Build.0 = Release|Win32
		{A42713E1-1933-4AD4-8C7C-6A428B3C44E2}.Release|Any CPU.ActiveCfg = Release|Win32
		{A42713E1-1933-4AD4-8C7C-6A428B3C44E2}.Release|Mixed Platforms.ActiveCfg = Release|Win32
		{A42713E1-1933-4AD4-8C7C-6A428B3C44E2}.Release|Mixed Platforms.Build.0 = Release|Win32
		{A42713E1-1933-4AD4-8C7C-6A428B3C44E2}.Release|Win32.ActiveCfg = Release|Win32
		{A42713E1-1933-4AD4-8C7C-6A428B3C44E2}.Release|Win32.Build.0 = Release|Win32
		{A42713E1-1933-4AD4-8C7C-6A428B3C44E2}.Release-DLL|Any CPU.ActiveCfg = Release|Win32
		{A42713E1-1933-4AD4-8C7C-6A428B3C44E2}.Release-DLL|Mixed Platforms.ActiveCfg = Release|Win32
		{A42713E1-1933-4AD4-8C7C-6A428B3C44E2}.Release-DLL|Mixed Platforms.Build.0 = Release|Win32
		{A42713E1-1933-4AD4-8C7C-6A428B3C44E2}.Release-DLL|Win32.ActiveCfg = Release|Win32
		{A42713E1-1933-4AD4-8C7C-6A428B3C44E2}.Release-DLL|Win32.Build.0 = Release|Win32
		{3AA3B75A-7A98-4538-AE12-E8CE7F2FFF92}.Debug (Core)|Any CPU.ActiveCfg = Debug|Win32
		{3AA3B75A-7A98-4538-AE12-E8CE7F2FFF92}.Debug (Core)|Mixed Platforms.ActiveCfg = Debug|Win32
		{3AA3B75A-7A98-4538-AE12-E8CE7F2FFF92}.Debug (Core)|Win32.ActiveCfg = Debug|Win32
		{3AA3B75A-7A98-4538-AE12-E8CE7F2FFF92}.Debug (Core)|Win32.Build.0 = Debug|Win32
		{3AA3B75A-7A98-4538-AE12-E8CE7F2FFF92}.Debug (gSKI DLL)|Any CPU.ActiveCfg = Debug|Win32
		{3AA3B75A-7A98-4538-AE12-E8CE7F2FFF92}.Debug (gSKI DLL)|Mixed Platforms.ActiveCfg = Debug|Win32
		{3AA3B75A-7A98-4538-AE12-E8CE7F2FFF92}.Debug (gSKI DLL)|Mixed Platforms.Build.0 = Debug|Win32
		{3AA3B75A-7A98-4538-AE12-E8CE7F2FFF92}.Debug (gSKI DLL)|Win32.ActiveCfg = Debug|Win32
		{3AA3B75A-7A98-4538-AE12-E8CE7F2FFF92}.Debug (gSKI DLL)|Win32.Build.0 = Debug|Win32
		{3AA3B75A-7A98-4538-AE12-E8CE7F2FFF92}.Debug (no SWIG)|Any CPU.ActiveCfg = Debug|Win32
		{3AA3B75A-7A98-4538-AE12-E8CE7F2FFF92}.Debug (no SWIG)|Mixed Platforms.ActiveCfg = Debug|Win32
		{3AA3B75A-7A98-4538-AE12-E8CE7F2FFF92}.Debug (no SWIG)|Mixed Platforms.Build.0 = Debug|Win32
		{3AA3B75A-7A98-4538-AE12-E8CE7F2FFF92}.Debug (no SWIG)|Win32.ActiveCfg = Debug|Win32
		{3AA3B75A-7A98-4538-AE12-E8CE7F2FFF92}.Debug (no SWIG)|Win32.Build.0 = Debug|Win32
		{3AA3B75A-7A98-4538-AE12-E8CE7F2FFF92}.Debug|Any CPU.ActiveCfg = Debug|Win32
		{3AA3B75A-7A98-4538-AE12-E8CE7F2FFF92}.Debug|Mixed Platforms.ActiveCfg = Debug|Win32
		{3AA3B75A-7A98-4538-AE12-E8CE7F2FFF92}.Debug|Mixed Platforms.Build.0 = Debug|Win32
		{3AA3B75A-7A98-4538-AE12-E8CE7F2FFF92}.Debug|Win32.ActiveCfg = Debug|Win32
		{3AA3B75A-7A98-4538-AE12-E8CE7F2FFF92}.Debug|Win32.Build.0 = Debug|Win32
		{3AA3B75A-7A98-4538-AE12-E8CE7F2FFF92}.Debug-DLL|Any CPU.ActiveCfg = Debug|Win32
		{3AA3B75A-7A98-4538-AE12-E8CE7F2FFF92}.Debug-DLL|Mixed Platforms.ActiveCfg = Debug|Win32
		{3AA3B75A-7A98-4538-AE12-E8CE7F2FFF92}.Debug-DLL|Mixed Platforms.Build.0 = Debug|Win32
		{3AA3B75A-7A98-4538-AE12-E8CE7F2FFF92}.Debug-DLL|Win32.ActiveCfg = Debug|Win32
		{3AA3B75A-7A98-4538-AE12-E8CE7F2FFF92}.Debug-DLL|Win32.Build.0 = Debug|Win32
		{3AA3B75A-7A98-4538-AE12-E8CE7F2FFF92}.Release (Core)|Any CPU.ActiveCfg = Release|Win32
		{3AA3B75A-7A98-4538-AE12-E8CE7F2FFF92}.Release (Core)|Mixed Platforms.ActiveCfg = Release|Win32
		{3AA3B75A-7A98-4538-AE12-E8CE7F2FFF92}.Release (Core)|Win32.ActiveCfg = Release|Win32
		{3AA3B75A-7A98-4538-AE12-E8CE7F2FFF92}.Release (Core)|Win32.Build.0 = Release|Win32
		{3AA3B75A-7A98-4538-AE12-E8CE7F2FFF92}.Release (gSKI DLL)|Any CPU.ActiveCfg = Release|Win32
		{3AA3B75A-7A98-4538-AE12-E8CE7F2FFF92}.Release (gSKI DLL)|Mixed Platforms.ActiveCfg = Release|Win32
		{3AA3B75A-7A98-4538-AE12-E8CE7F2FFF92}.Release (gSKI DLL)|Mixed Platforms.Build.0 = Release|Win32
		{3AA3B75A-7A98-4538-AE12-E8CE7F2FFF92}.Release (gSKI DLL)|Win32.ActiveCfg = Release|Win32
		{3AA3B75A-7A98-4538-AE12-E8CE7F2FFF92}.Release (gSKI DLL)|Win32.Build.0 = Release|Win32
		{3AA3B75A-7A98-4538-AE12-E8CE7F2FFF92}.Release (no SWIG)|Any CPU.ActiveCfg = Release|Win32
		{3AA3B75A-7A98-4538-AE12-E8CE7F2FFF92}.Release (no SWIG)|Mixed Platforms.ActiveCfg = Release|Win32
		{3AA3B75A-7A98-4538-AE12-E8CE7F2FFF92}.Release (no SWIG)|Mixed Platforms.Build.0 = Release|Win32
		{3AA3B75A-7A98-4538-AE12-E8CE7F2FFF92}.Release (no SWIG)|Win32.ActiveCfg = Release|Win32
		{3AA3B75A-7A98-4538-AE12-E8CE7F2FFF92}.Release (no SWIG)|Win32.Build.0 = Release|Win32
		{3AA3B75A-7A98-4538-AE12-E8CE7F2FFF92}.Release|Any CPU.ActiveCfg = Release|Win32
		{3AA3B75A-7A98-4538-AE12-E8CE7F2FFF92}.Release|Mixed Platforms.ActiveCfg = Release|Win32
		{3AA3B75A-7A98-4538-AE12-E8CE7F2FFF92}.Release|Mixed Platforms.Build.0 = Release|Win32
		{3AA3B75A-7A98-4538-AE12-E8CE7F2FFF92}.Release|Win32.ActiveCfg = Release|Win32
		{3AA3B75A-7A98-4538-AE12-E8CE7F2FFF92}.Release|Win32.Build.0 = Release|Win32
		{3AA3B75A-7A98-4538-AE12-E8CE7F2FFF92}.Release-DLL|Any CPU.ActiveCfg = Release|Win32
		{3AA3B75A-7A98-4538-AE12-E8CE7F2FFF92}.Release-DLL|Mixed Platforms.ActiveCfg = Release|Win32
		{3AA3B75A-7A98-4538-AE12-E8CE7F2FFF92}.Release-DLL|Mixed Platforms.Build.0 = Release|Win32
		{3AA3B75A-7A98-4538-AE12-E8CE7F2FFF92}.Release-DLL|Win32.ActiveCfg = Release|Win32
		{3AA3B75A-7A98-4538-AE12-E8CE7F2FFF92}.Release-DLL|Win32.Build.0 = Release|Win32
		{8EF61FF7-214E-4955-9DBF-CCD164815E9C}.Debug (Core)|Any CPU.ActiveCfg = Debug|Win32
		{8EF61FF7-214E-4955-9DBF-CCD164815E9C}.Debug (Core)|Mixed Platforms.ActiveCfg = Debug|Win32
		{8EF61FF7-214E-4955-9DBF-CCD164815E9C}.Debug (Core)|Win32.ActiveCfg = Debug|Win32
		{8EF61FF7-214E-4955-9DBF-CCD164815E9C}.Debug (Core)|Win32.Build.0 = Debug|Win32
		{8EF61FF7-214E-4955-9DBF-CCD164815E9C}.Debug (gSKI DLL)|Any CPU.ActiveCfg = Debug|Win32
		{8EF61FF7-214E-4955-9DBF-CCD164815E9C}.Debug (gSKI DLL)|Mixed Platforms.ActiveCfg = Debug|Win32
		{8EF61FF7-214E-4955-9DBF-CCD164815E9C}.Debug (gSKI DLL)|Mixed Platforms.Build.0 = Debug|Win32
		{8EF61FF7-214E-4955-9DBF-CCD164815E9C}.Debug (gSKI DLL)|Win32.ActiveCfg = Debug|Win32
		{8EF61FF7-214E-4955-9DBF-CCD164815E9C}.Debug (gSKI DLL)|Win32.Build.0 = Debug|Win32
		{8EF61FF7-214E-4955-9DBF-CCD164815E9C}.Debug (no SWIG)|Any CPU.ActiveCfg = Debug|Win32
		{8EF61FF7-214E-4955-9DBF-CCD164815E9C}.Debug (no SWIG)|Mixed Platforms.ActiveCfg = Debug|Win32
		{8EF61FF7-214E-4955-9DBF-CCD164815E9C}.Debug (no SWIG)|Mixed Platforms.Build.0 = Debug|Win32
		{8EF61FF7-214E-4955-9DBF-CCD164815E9C}.Debug (no SWIG)|Win32.ActiveCfg = Debug|Win32
		{8EF61FF7-214E-4955-9DBF-CCD164815E9C}.Debug (no SWIG)|Win32.Build.0 = Debug|Win32
		{8EF61FF7-214E-4955-9DBF-CCD164815E9C}.Debug|Any CPU.ActiveCfg = Debug|Win32
		{8EF61FF7-214E-4955-9DBF-CCD164815E9C}.Debug|Mixed Platforms.ActiveCfg = Debug|Win32
		{8EF61FF7-214E-4955-9DBF-CCD164815E9C}.Debug|Mixed Platforms.Build.0 = Debug|Win32
		{8EF61FF7-214E-4955-9DBF-CCD164815E9C}.Debug|Win32.ActiveCfg = Debug|Win32
		{8EF61FF7-214E-4955-9DBF-CCD164815E9C}.Debug|Win32.Build.0 = Debug|Win32
		{8EF61FF7-214E-4955-9DBF-CCD164815E9C}.Debug-DLL|Any CPU.ActiveCfg = Debug|Win32
		{8EF61FF7-214E-4955-9DBF-CCD164815E9C}.Debug-DLL|Mixed Platforms.ActiveCfg = Debug|Win32
		{8EF61FF7-214E-4955-9DBF-CCD164815E9C}.Debug-DLL|Mixed Platforms.Build.0 = Debug|Win32
		{8EF61FF7-214E-4955-9DBF-CCD164815E9C}.Debug-DLL|Win32.ActiveCfg = Debug|Win32
		{8EF61FF7-214E-4955-9DBF-CCD164815E9C}.Debug-DLL|Win32.Build.0 = Debug|Win32
		{8EF61FF7-214E-4955-9DBF-CCD164815E9C}.Release (Core)|Any CPU.ActiveCfg = Release|Win32
		{8EF61FF7-214E-4955-9DBF-CCD164815E9C}.Release (Core)|Mixed Platforms.ActiveCfg = Release|Win32
		{8EF61FF7-214E-4955-9DBF-CCD164815E9C}.Release (Core)|Win32.ActiveCfg = Release|Win32
		{8EF61FF7-214E-4955-9DBF-CCD164815E9C}.Release (Core)|Win32.Build.0 = Release|Win32
		{8EF61FF7-214E-4955-9DBF-CCD164815E9C}.Release (gSKI DLL)|Any CPU.ActiveCfg = Release|Win32
		{8EF61FF7-214E-4955-9DBF-CCD164815E9C}.Release (gSKI DLL)|Mixed Platforms.ActiveCfg = Release|Win32
		{8EF61FF7-214E-4955-9DBF-CCD164815E9C}.Release (gSKI DLL)|Mixed Platforms.Build.0 = Release|Win32
		{8EF61FF7-214E-4955-9DBF-CCD164815E9C}.Release (gSKI DLL)|Win32.ActiveCfg = Release|Win32
		{8EF61FF7-214E-4955-9DBF-CCD164815E9C}.Release (gSKI DLL)|Win32.Build.0 = Release|Win32
		{8EF61FF7-214E-4955-9DBF-CCD164815E9C}.Release (no SWIG)|Any CPU.ActiveCfg = Release|Win32
		{8EF61FF7-214E-4955-9DBF-CCD164815E9C}.Release (no SWIG)|Mixed Platforms.ActiveCfg = Release|Win32
		{8EF61FF7-214E-4955-9DBF-CCD164815E9C}.Release (no SWIG)|Mixed Platforms.Build.0 = Release|Win32
		{8EF61FF7-214E-4955-9DBF-CCD164815E9C}.Release (no SWIG)|Win32.ActiveCfg = Release|Win32
		{8EF61FF7-214E-4955-9DBF-CCD164815E9C}.Release (no SWIG)|Win32.Build.0 = Release|Win32
		{8EF61FF7-214E-4955-9DBF-CCD164815E9C}.Release|Any CPU.ActiveCfg = Release|Win32
		{8EF61FF7-214E-4955-9DBF-CCD164815E9C}.Release|Mixed Platforms.ActiveCfg = Release|Win32
		{8EF61FF7-214E-4955-9DBF-CCD164815E9C}.Release|Mixed Platforms.Build.0 = Release|Win32
		{8EF61FF7-214E-4955-9DBF-CCD164815E9C}.Release|Win32.ActiveCfg = Release|Win32
		{8EF61FF7-214E-4955-9DBF-CCD164815E9C}.Release|Win32.Build.0 = Release|Win32
		{8EF61FF7-214E-4955-9DBF-CCD164815E9C}.Release-DLL|Any CPU.ActiveCfg = Release|Win32
		{8EF61FF7-214E-4955-9DBF-CCD164815E9C}.Release-DLL|Mixed Platforms.ActiveCfg = Release|Win32
		{8EF61FF7-214E-4955-9DBF-CCD164815E9C}.Release-DLL|Mixed Platforms.Build.0 = Release|Win32
		{8EF61FF7-214E-4955-9DBF-CCD164815E9C}.Release-DLL|Win32.ActiveCfg = Release|Win32
		{8EF61FF7-214E-4955-9DBF-CCD164815E9C}.Release-DLL|Win32.Build.0 = Release|Win32
		{31E16893-F132-4371-A451-7BC936385453}.Debug (Core)|Any CPU.ActiveCfg = Debug|Win32
		{31E16893-F132-4371-A451-7BC936385453}.Debug (Core)|Mixed Platforms.ActiveCfg = Debug|Win32
		{31E16893-F132-4371-A451-7BC936385453}.Debug (Core)|Win32.ActiveCfg = Debug|Win32
		{31E16893-F132-4371-A451-7BC936385453}.Debug (Core)|Win32.Build.0 = Debug|Win32
		{31E16893-F132-4371-A451-7BC936385453}.Debug (gSKI DLL)|Any CPU.ActiveCfg = Debug|Win32
		{31E16893-F132-4371-A451-7BC936385453}.Debug (gSKI DLL)|Mixed Platforms.ActiveCfg = Debug|Win32
		{31E16893-F132-4371-A451-7BC936385453}.Debug (gSKI DLL)|Mixed Platforms.Build.0 = Debug|Win32
		{31E16893-F132-4371-A451-7BC936385453}.Debug (gSKI DLL)|Win32.ActiveCfg = Debug|Win32
		{31E16893-F132-4371-A451-7BC936385453}.Debug (gSKI DLL)|Win32.Build.0 = Debug|Win32
		{31E16893-F132-4371-A451-7BC936385453}.Debug (no SWIG)|Any CPU.ActiveCfg = Debug|Win32
		{31E16893-F132-4371-A451-7BC936385453}.Debug (no SWIG)|Mixed Platforms.ActiveCfg = Debug|Win32
		{31E16893-F132-4371-A451-7BC936385453}.Debug (no SWIG)|Mixed Platforms.Build.0 = Debug|Win32
		{31E16893-F132-4371-A451-7BC936385453}.Debug (no SWIG)|Win32.ActiveCfg = Debug|Win32
		{31E16893-F132-4371-A451-7BC936385453}.Debug (no SWIG)|Win32.Build.0 = Debug|Win32
		{31E16893-F132-4371-A451-7BC936385453}.Debug|Any CPU.ActiveCfg = Debug|Win32
		{31E16893-F132-4371-A451-7BC936385453}.Debug|Mixed Platforms.ActiveCfg = Debug|Win32
		{31E16893-F132-4371-A451-7BC936385453}.Debug|Mixed Platforms.Build.0 = Debug|Win32
		{31E16893-F132-4371-A451-7BC936385453}.Debug|Win32.ActiveCfg = Debug|Win32
		{31E16893-F132-4371-A451-7BC936385453}.Debug|Win32.Build.0 = Debug|Win32
		{31E16893-F132-4371-A451-7BC936385453}.Debug-DLL|Any CPU.ActiveCfg = Debug|Win32
		{31E16893-F132-4371-A451-7BC936385453}.Debug-DLL|Mixed Platforms.ActiveCfg = Debug|Win32
		{31E16893-F132-4371-A451-7BC936385453}.Debug-DLL|Mixed Platforms.Build.0 = Debug|Win32
		{31E16893-F132-4371-A451-7BC936385453}.Debug-DLL|Win32.ActiveCfg = Debug|Win32
		{31E16893-F132-4371-A451-7BC936385453}.Debug-DLL|Win32.Build.0 = Debug|Win32
		{31E16893-F132-4371-A451-7BC936385453}.Release (Core)|Any CPU.ActiveCfg = Release|Win32
		{31E16893-F132-4371-A451-7BC936385453}.Release (Core)|Mixed Platforms.ActiveCfg = Release|Win32
		{31E16893-F132-4371-A451-7BC936385453}.Release (Core)|Win32.ActiveCfg = Release|Win32
		{31E16893-F132-4371-A451-7BC936385453}.Release (Core)|Win32.Build.0 = Release|Win32
		{31E16893-F132-4371-A451-7BC936385453}.Release (gSKI DLL)|Any CPU.ActiveCfg = Release|Win32
		{31E16893-F132-4371-A451-7BC936385453}.Release (gSKI DLL)|Mixed Platforms.ActiveCfg = Release|Win32
		{31E16893-F132-4371-A451-7BC936385453}.Release (gSKI DLL)|Mixed Platforms.Build.0 = Release|Win32
		{31E16893-F132-4371-A451-7BC936385453}.Release (gSKI DLL)|Win32.ActiveCfg = Release|Win32
		{31E16893-F132-4371-A451-7BC936385453}.Release (gSKI DLL)|Win32.Build.0 = Release|Win32
		{31E16893-F132-4371-A451-7BC936385453}.Release (no SWIG)|Any CPU.ActiveCfg = Release|Win32
		{31E16893-F132-4371-A451-7BC936385453}.Release (no SWIG)|Mixed Platforms.ActiveCfg = Release|Win32
		{31E16893-F132-4371-A451-7BC936385453}.Release (no SWIG)|Mixed Platforms.Build.0 = Release|Win32
		{31E16893-F132-4371-A451-7BC936385453}.Release (no SWIG)|Win32.ActiveCfg = Release|Win32
		{31E16893-F132-4371-A451-7BC936385453}.Release (no SWIG)|Win32.Build.0 = Release|Win32
		{31E16893-F132-4371-A451-7BC936385453}.Release|Any CPU.ActiveCfg = Release|Win32
		{31E16893-F132-4371-A451-7BC936385453}.Release|Mixed Platforms.ActiveCfg = Release|Win32
		{31E16893-F132-4371-A451-7BC936385453}.Release|Mixed Platforms.Build.0 = Release|Win32
		{31E16893-F132-4371-A451-7BC936385453}.Release|Win32.ActiveCfg = Release|Win32
		{31E16893-F132-4371-A451-7BC936385453}.Release|Win32.Build.0 = Release|Win32
		{31E16893-F132-4371-A451-7BC936385453}.Release-DLL|Any CPU.ActiveCfg = Release|Win32
		{31E16893-F132-4371-A451-7BC936385453}.Release-DLL|Mixed Platforms.ActiveCfg = Release|Win32
		{31E16893-F132-4371-A451-7BC936385453}.Release-DLL|Mixed Platforms.Build.0 = Release|Win32
		{31E16893-F132-4371-A451-7BC936385453}.Release-DLL|Win32.ActiveCfg = Release|Win32
		{31E16893-F132-4371-A451-7BC936385453}.Release-DLL|Win32.Build.0 = Release|Win32
		{3B7AC15A-ECCD-49CF-86D9-D813D2ABE979}.Debug (Core)|Any CPU.ActiveCfg = Debug|Win32
		{3B7AC15A-ECCD-49CF-86D9-D813D2ABE979}.Debug (Core)|Mixed Platforms.ActiveCfg = Debug|Win32
		{3B7AC15A-ECCD-49CF-86D9-D813D2ABE979}.Debug (Core)|Win32.ActiveCfg = Debug|Win32
		{3B7AC15A-ECCD-49CF-86D9-D813D2ABE979}.Debug (Core)|Win32.Build.0 = Debug|Win32
		{3B7AC15A-ECCD-49CF-86D9-D813D2ABE979}.Debug (gSKI DLL)|Any CPU.ActiveCfg = Debug|Win32
		{3B7AC15A-ECCD-49CF-86D9-D813D2ABE979}.Debug (gSKI DLL)|Mixed Platforms.ActiveCfg = Debug|Win32
		{3B7AC15A-ECCD-49CF-86D9-D813D2ABE979}.Debug (gSKI DLL)|Mixed Platforms.Build.0 = Debug|Win32
		{3B7AC15A-ECCD-49CF-86D9-D813D2ABE979}.Debug (gSKI DLL)|Win32.ActiveCfg = Debug|Win32
		{3B7AC15A-ECCD-49CF-86D9-D813D2ABE979}.Debug (gSKI DLL)|Win32.Build.0 = Debug|Win32
		{3B7AC15A-ECCD-49CF-86D9-D813D2ABE979}.Debug (no SWIG)|Any CPU.ActiveCfg = Debug|Win32
		{3B7AC15A-ECCD-49CF-86D9-D813D2ABE979}.Debug (no SWIG)|Mixed Platforms.ActiveCfg = Debug|Win32
		{3B7AC15A-ECCD-49CF-86D9-D813D2ABE979}.Debug (no SWIG)|Mixed Platforms.Build.0 = Debug|Win32
		{3B7AC15A-ECCD-49CF-86D9-D813D2ABE979}.Debug (no SWIG)|Win32.ActiveCfg = Debug|Win32
		{3B7AC15A-ECCD-49CF-86D9-D813D2ABE979}.Debug (no SWIG)|Win32.Build.0 = Debug|Win32
		{3B7AC15A-ECCD-49CF-86D9-D813D2ABE979}.Debug|Any CPU.ActiveCfg = Debug|Win32
		{3B7AC15A-ECCD-49CF-86D9-D813D2ABE979}.Debug|Mixed Platforms.ActiveCfg = Debug|Win32
		{3B7AC15A-ECCD-49CF-86D9-D813D2ABE979}.Debug|Mixed Platforms.Build.0 = Debug|Win32
		{3B7AC15A-ECCD-49CF-86D9-D813D2ABE979}.Debug|Win32.ActiveCfg = Debug|Win32
		{3B7AC15A-ECCD-49CF-86D9-D813D2ABE979}.Debug|Win32.Build.0 = Debug|Win32
		{3B7AC15A-ECCD-49CF-86D9-D813D2ABE979}.Debug-DLL|Any CPU.ActiveCfg = Debug|Win32
		{3B7AC15A-ECCD-49CF-86D9-D813D2ABE979}.Debug-DLL|Mixed Platforms.ActiveCfg = Debug|Win32
		{3B7AC15A-ECCD-49CF-86D9-D813D2ABE979}.Debug-DLL|Mixed Platforms.Build.0 = Debug|Win32
		{3B7AC15A-ECCD-49CF-86D9-D813D2ABE979}.Debug-DLL|Win32.ActiveCfg = Debug|Win32
		{3B7AC15A-ECCD-49CF-86D9-D813D2ABE979}.Debug-DLL|Win32.Build.0 = Debug|Win32
		{3B7AC15A-ECCD-49CF-86D9-D813D2ABE979}.Release (Core)|Any CPU.ActiveCfg = Release|Win32
		{3B7AC15A-ECCD-49CF-86D9-D813D2ABE979}.Release (Core)|Mixed Platforms.ActiveCfg = Release|Win32
		{3B7AC15A-ECCD-49CF-86D9-D813D2ABE979}.Release (Core)|Win32.ActiveCfg = Release|Win32
		{3B7AC15A-ECCD-49CF-86D9-D813D2ABE979}.Release (Core)|Win32.Build.0 = Release|Win32
		{3B7AC15A-ECCD-49CF-86D9-D813D2ABE979}.Release (gSKI DLL)|Any CPU.ActiveCfg = Release|Win32
		{3B7AC15A-ECCD-49CF-86D9-D813D2ABE979}.Release (gSKI DLL)|Mixed Platforms.ActiveCfg = Release|Win32
		{3B7AC15A-ECCD-49CF-86D9-D813D2ABE979}.Release (gSKI DLL)|Mixed Platforms.Build.0 = Release|Win32
		{3B7AC15A-ECCD-49CF-86D9-D813D2ABE979}.Release (gSKI DLL)|Win32.ActiveCfg = Release|Win32
		{3B7AC15A-ECCD-49CF-86D9-D813D2ABE979}.Release (gSKI DLL)|Win32.Build.0 = Release|Win32
		{3B7AC15A-ECCD-49CF-86D9-D813D2ABE979}.Release (no SWIG)|Any CPU.ActiveCfg = Release|Win32
		{3B7AC15A-ECCD-49CF-86D9-D813D2ABE979}.Release (no SWIG)|Mixed Platforms.ActiveCfg = Release|Win32
		{3B7AC15A-ECCD-49CF-86D9-D813D2ABE979}.Release (no SWIG)|Mixed Platforms.Build.0 = Release|Win32
		{3B7AC15A-ECCD-49CF-86D9-D813D2ABE979}.Release (no SWIG)|Win32.ActiveCfg = Release|Win32
		{3B7AC15A-ECCD-49CF-86D9-D813D2ABE979}.Release (no SWIG)|Win32.Build.0 = Release|Win32
		{3B7AC15A-ECCD-49CF-86D9-D813D2ABE979}.Release|Any CPU.ActiveCfg = Release|Win32
		{3B7AC15A-ECCD-49CF-86D9-D813D2ABE979}.Release|Mixed Platforms.ActiveCfg = Release|Win32
		{3B7AC15A-ECCD-49CF-86D9-D813D2ABE979}.Release|Mixed Platforms.Build.0 = Release|Win32
		{3B7AC15A-ECCD-49CF-86D9-D813D2ABE979}.Release|Win32.ActiveCfg = Release|Win32
		{3B7AC15A-ECCD-49CF-86D9-D813D2ABE979}.Release|Win32.Build.0 = Release|Win32
		{3B7AC15A-ECCD-49CF-86D9-D813D2ABE979}.Release-DLL|Any CPU.ActiveCfg = Release|Win32
		{3B7AC15A-ECCD-49CF-86D9-D813D2ABE979}.Release-DLL|Mixed Platforms.ActiveCfg = Release|Win32
		{3B7AC15A-ECCD-49CF-86D9-D813D2ABE979}.Release-DLL|Mixed Platforms.Build.0 = Release|Win32
		{3B7AC15A-ECCD-49CF-86D9-D813D2ABE979}.Release-DLL|Win32.ActiveCfg = Release|Win32
		{3B7AC15A-ECCD-49CF-86D9-D813D2ABE979}.Release-DLL|Win32.Build.0 = Release|Win32
		{A2A1BE53-FFE4-4668-91FE-4613C1F36BB2}.Debug (Core)|Any CPU.ActiveCfg = Debug|Win32
		{A2A1BE53-FFE4-4668-91FE-4613C1F36BB2}.Debug (Core)|Mixed Platforms.ActiveCfg = Debug|Win32
		{A2A1BE53-FFE4-4668-91FE-4613C1F36BB2}.Debug (Core)|Mixed Platforms.Build.0 = Debug|Win32
		{A2A1BE53-FFE4-4668-91FE-4613C1F36BB2}.Debug (Core)|Win32.ActiveCfg = Debug|Win32
		{A2A1BE53-FFE4-4668-91FE-4613C1F36BB2}.Debug (Core)|Win32.Build.0 = Debug|Win32
		{A2A1BE53-FFE4-4668-91FE-4613C1F36BB2}.Debug (gSKI DLL)|Any CPU.ActiveCfg = Debug|Win32
		{A2A1BE53-FFE4-4668-91FE-4613C1F36BB2}.Debug (gSKI DLL)|Mixed Platforms.ActiveCfg = Debug|Win32
		{A2A1BE53-FFE4-4668-91FE-4613C1F36BB2}.Debug (gSKI DLL)|Mixed Platforms.Build.0 = Debug|Win32
		{A2A1BE53-FFE4-4668-91FE-4613C1F36BB2}.Debug (gSKI DLL)|Win32.ActiveCfg = Debug|Win32
		{A2A1BE53-FFE4-4668-91FE-4613C1F36BB2}.Debug (gSKI DLL)|Win32.Build.0 = Debug|Win32
		{A2A1BE53-FFE4-4668-91FE-4613C1F36BB2}.Debug (no SWIG)|Any CPU.ActiveCfg = Debug|Win32
		{A2A1BE53-FFE4-4668-91FE-4613C1F36BB2}.Debug (no SWIG)|Mixed Platforms.ActiveCfg = Debug|Win32
		{A2A1BE53-FFE4-4668-91FE-4613C1F36BB2}.Debug (no SWIG)|Mixed Platforms.Build.0 = Debug|Win32
		{A2A1BE53-FFE4-4668-91FE-4613C1F36BB2}.Debug (no SWIG)|Win32.ActiveCfg = Debug|Win32
		{A2A1BE53-FFE4-4668-91FE-4613C1F36BB2}.Debug (no SWIG)|Win32.Build.0 = Debug|Win32
		{A2A1BE53-FFE4-4668-91FE-4613C1F36BB2}.Debug|Any CPU.ActiveCfg = Debug|Win32
		{A2A1BE53-FFE4-4668-91FE-4613C1F36BB2}.Debug|Mixed Platforms.ActiveCfg = Debug|Win32
		{A2A1BE53-FFE4-4668-91FE-4613C1F36BB2}.Debug|Mixed Platforms.Build.0 = Debug|Win32
		{A2A1BE53-FFE4-4668-91FE-4613C1F36BB2}.Debug|Win32.ActiveCfg = Debug|Win32
		{A2A1BE53-FFE4-4668-91FE-4613C1F36BB2}.Debug|Win32.Build.0 = Debug|Win32
		{A2A1BE53-FFE4-4668-91FE-4613C1F36BB2}.Debug-DLL|Any CPU.ActiveCfg = Debug|Win32
		{A2A1BE53-FFE4-4668-91FE-4613C1F36BB2}.Debug-DLL|Mixed Platforms.ActiveCfg = Debug|Win32
		{A2A1BE53-FFE4-4668-91FE-4613C1F36BB2}.Debug-DLL|Mixed Platforms.Build.0 = Debug|Win32
		{A2A1BE53-FFE4-4668-91FE-4613C1F36BB2}.Debug-DLL|Win32.ActiveCfg = Debug|Win32
		{A2A1BE53-FFE4-4668-91FE-4613C1F36BB2}.Debug-DLL|Win32.Build.0 = Debug|Win32
		{A2A1BE53-FFE4-4668-91FE-4613C1F36BB2}.Release (Core)|Any CPU.ActiveCfg = Release|Win32
		{A2A1BE53-FFE4-4668-91FE-4613C1F36BB2}.Release (Core)|Mixed Platforms.ActiveCfg = Release|Win32
		{A2A1BE53-FFE4-4668-91FE-4613C1F36BB2}.Release (Core)|Mixed Platforms.Build.0 = Release|Win32
		{A2A1BE53-FFE4-4668-91FE-4613C1F36BB2}.Release (Core)|Win32.ActiveCfg = Release|Win32
		{A2A1BE53-FFE4-4668-91FE-4613C1F36BB2}.Release (Core)|Win32.Build.0 = Release|Win32
		{A2A1BE53-FFE4-4668-91FE-4613C1F36BB2}.Release (gSKI DLL)|Any CPU.ActiveCfg = Release|Win32
		{A2A1BE53-FFE4-4668-91FE-4613C1F36BB2}.Release (gSKI DLL)|Mixed Platforms.ActiveCfg = Release|Win32
		{A2A1BE53-FFE4-4668-91FE-4613C1F36BB2}.Release (gSKI DLL)|Mixed Platforms.Build.0 = Release|Win32
		{A2A1BE53-FFE4-4668-91FE-4613C1F36BB2}.Release (gSKI DLL)|Win32.ActiveCfg = Release|Win32
		{A2A1BE53-FFE4-4668-91FE-4613C1F36BB2}.Release (gSKI DLL)|Win32.Build.0 = Release|Win32
		{A2A1BE53-FFE4-4668-91FE-4613C1F36BB2}.Release (no SWIG)|Any CPU.ActiveCfg = Release|Win32
		{A2A1BE53-FFE4-4668-91FE-4613C1F36BB2}.Release (no SWIG)|Mixed Platforms.ActiveCfg = Release|Win32
		{A2A1BE53-FFE4-4668-91FE-4613C1F36BB2}.Release (no SWIG)|Mixed Platforms.Build.0 = Release|Win32
		{A2A1BE53-FFE4-4668-91FE-4613C1F36BB2}.Release (no SWIG)|Win32.ActiveCfg = Release|Win32
		{A2A1BE53-FFE4-4668-91FE-4613C1F36BB2}.Release (no SWIG)|Win32.Build.0 = Release|Win32
		{A2A1BE53-FFE4-4668-91FE-4613C1F36BB2}.Release|Any CPU.ActiveCfg = Release|Win32
		{A2A1BE53-FFE4-4668-91FE-4613C1F36BB2}.Release|Mixed Platforms.ActiveCfg = Release|Win32
		{A2A1BE53-FFE4-4668-91FE-4613C1F36BB2}.Release|Mixed Platforms.Build.0 = Release|Win32
		{A2A1BE53-FFE4-4668-91FE-4613C1F36BB2}.Release|Win32.ActiveCfg = Release|Win32
		{A2A1BE53-FFE4-4668-91FE-4613C1F36BB2}.Release|Win32.Build.0 = Release|Win32
		{A2A1BE53-FFE4-4668-91FE-4613C1F36BB2}.Release-DLL|Any CPU.ActiveCfg = Release|Win32
		{A2A1BE53-FFE4-4668-91FE-4613C1F36BB2}.Release-DLL|Mixed Platforms.ActiveCfg = Release|Win32
		{A2A1BE53-FFE4-4668-91FE-4613C1F36BB2}.Release-DLL|Mixed Platforms.Build.0 = Release|Win32
		{A2A1BE53-FFE4-4668-91FE-4613C1F36BB2}.Release-DLL|Win32.ActiveCfg = Release|Win32
		{A2A1BE53-FFE4-4668-91FE-4613C1F36BB2}.Release-DLL|Win32.Build.0 = Release|Win32
		{0F4205EE-35EA-4421-8F74-513603FF003F}.Debug (Core)|Any CPU.ActiveCfg = Debug-DLL|Win32
		{0F4205EE-35EA-4421-8F74-513603FF003F}.Debug (Core)|Mixed Platforms.ActiveCfg = Debug|Win32
		{0F4205EE-35EA-4421-8F74-513603FF003F}.Debug (Core)|Mixed Platforms.Build.0 = Debug|Win32
		{0F4205EE-35EA-4421-8F74-513603FF003F}.Debug (Core)|Win32.ActiveCfg = Debug-DLL|Win32
		{0F4205EE-35EA-4421-8F74-513603FF003F}.Debug (Core)|Win32.Build.0 = Debug-DLL|Win32
		{0F4205EE-35EA-4421-8F74-513603FF003F}.Debug (gSKI DLL)|Any CPU.ActiveCfg = Debug-DLL|Win32
		{0F4205EE-35EA-4421-8F74-513603FF003F}.Debug (gSKI DLL)|Mixed Platforms.ActiveCfg = Debug-DLL|Win32
		{0F4205EE-35EA-4421-8F74-513603FF003F}.Debug (gSKI DLL)|Mixed Platforms.Build.0 = Debug-DLL|Win32
		{0F4205EE-35EA-4421-8F74-513603FF003F}.Debug (gSKI DLL)|Win32.ActiveCfg = Debug-DLL|Win32
		{0F4205EE-35EA-4421-8F74-513603FF003F}.Debug (gSKI DLL)|Win32.Build.0 = Debug-DLL|Win32
		{0F4205EE-35EA-4421-8F74-513603FF003F}.Debug (no SWIG)|Any CPU.ActiveCfg = Debug-DLL|Win32
		{0F4205EE-35EA-4421-8F74-513603FF003F}.Debug (no SWIG)|Mixed Platforms.ActiveCfg = Debug|Win32
		{0F4205EE-35EA-4421-8F74-513603FF003F}.Debug (no SWIG)|Mixed Platforms.Build.0 = Debug|Win32
		{0F4205EE-35EA-4421-8F74-513603FF003F}.Debug (no SWIG)|Win32.ActiveCfg = Debug-DLL|Win32
		{0F4205EE-35EA-4421-8F74-513603FF003F}.Debug (no SWIG)|Win32.Build.0 = Debug-DLL|Win32
		{0F4205EE-35EA-4421-8F74-513603FF003F}.Debug|Any CPU.ActiveCfg = Debug|Win32
		{0F4205EE-35EA-4421-8F74-513603FF003F}.Debug|Mixed Platforms.ActiveCfg = Debug|Win32
		{0F4205EE-35EA-4421-8F74-513603FF003F}.Debug|Mixed Platforms.Build.0 = Debug|Win32
		{0F4205EE-35EA-4421-8F74-513603FF003F}.Debug|Win32.ActiveCfg = Debug|Win32
		{0F4205EE-35EA-4421-8F74-513603FF003F}.Debug|Win32.Build.0 = Debug|Win32
		{0F4205EE-35EA-4421-8F74-513603FF003F}.Debug-DLL|Any CPU.ActiveCfg = Debug-DLL|Win32
		{0F4205EE-35EA-4421-8F74-513603FF003F}.Debug-DLL|Mixed Platforms.ActiveCfg = Debug-DLL|Win32
		{0F4205EE-35EA-4421-8F74-513603FF003F}.Debug-DLL|Mixed Platforms.Build.0 = Debug-DLL|Win32
		{0F4205EE-35EA-4421-8F74-513603FF003F}.Debug-DLL|Win32.ActiveCfg = Debug-DLL|Win32
		{0F4205EE-35EA-4421-8F74-513603FF003F}.Debug-DLL|Win32.Build.0 = Debug-DLL|Win32
		{0F4205EE-35EA-4421-8F74-513603FF003F}.Release (Core)|Any CPU.ActiveCfg = Release-DLL|Win32
		{0F4205EE-35EA-4421-8F74-513603FF003F}.Release (Core)|Mixed Platforms.ActiveCfg = Release|Win32
		{0F4205EE-35EA-4421-8F74-513603FF003F}.Release (Core)|Mixed Platforms.Build.0 = Release|Win32
		{0F4205EE-35EA-4421-8F74-513603FF003F}.Release (Core)|Win32.ActiveCfg = Release-DLL|Win32
		{0F4205EE-35EA-4421-8F74-513603FF003F}.Release (Core)|Win32.Build.0 = Release-DLL|Win32
		{0F4205EE-35EA-4421-8F74-513603FF003F}.Release (gSKI DLL)|Any CPU.ActiveCfg = Release-DLL|Win32
		{0F4205EE-35EA-4421-8F74-513603FF003F}.Release (gSKI DLL)|Mixed Platforms.ActiveCfg = Release-DLL|Win32
		{0F4205EE-35EA-4421-8F74-513603FF003F}.Release (gSKI DLL)|Mixed Platforms.Build.0 = Release-DLL|Win32
		{0F4205EE-35EA-4421-8F74-513603FF003F}.Release (gSKI DLL)|Win32.ActiveCfg = Release-DLL|Win32
		{0F4205EE-35EA-4421-8F74-513603FF003F}.Release (gSKI DLL)|Win32.Build.0 = Release-DLL|Win32
		{0F4205EE-35EA-4421-8F74-513603FF003F}.Release (no SWIG)|Any CPU.ActiveCfg = Release-DLL|Win32
		{0F4205EE-35EA-4421-8F74-513603FF003F}.Release (no SWIG)|Mixed Platforms.ActiveCfg = Release|Win32
		{0F4205EE-35EA-4421-8F74-513603FF003F}.Release (no SWIG)|Mixed Platforms.Build.0 = Release|Win32
		{0F4205EE-35EA-4421-8F74-513603FF003F}.Release (no SWIG)|Win32.ActiveCfg = Release-DLL|Win32
		{0F4205EE-35EA-4421-8F74-513603FF003F}.Release (no SWIG)|Win32.Build.0 = Release-DLL|Win32
		{0F4205EE-35EA-4421-8F74-513603FF003F}.Release|Any CPU.ActiveCfg = Release|Win32
		{0F4205EE-35EA-4421-8F74-513603FF003F}.Release|Mixed Platforms.ActiveCfg = Release|Win32
		{0F4205EE-35EA-4421-8F74-513603FF003F}.Release|Mixed Platforms.Build.0 = Release|Win32
		{0F4205EE-35EA-4421-8F74-513603FF003F}.Release|Win32.ActiveCfg = Release|Win32
		{0F4205EE-35EA-4421-8F74-513603FF003F}.Release|Win32.Build.0 = Release|Win32
		{0F4205EE-35EA-4421-8F74-513603FF003F}.Release-DLL|Any CPU.ActiveCfg = Release-DLL|Win32
		{0F4205EE-35EA-4421-8F74-513603FF003F}.Release-DLL|Mixed Platforms.ActiveCfg = Release-DLL|Win32
		{0F4205EE-35EA-4421-8F74-513603FF003F}.Release-DLL|Mixed Platforms.Build.0 = Release-DLL|Win32
		{0F4205EE-35EA-4421-8F74-513603FF003F}.Release-DLL|Win32.ActiveCfg = Release-DLL|Win32
		{0F4205EE-35EA-4421-8F74-513603FF003F}.Release-DLL|Win32.Build.0 = Release-DLL|Win32
		{F8B197A4-FC27-4B02-9B08-CD5B16899AAB}.Debug (Core)|Any CPU.ActiveCfg = Debug|Win32
		{F8B197A4-FC27-4B02-9B08-CD5B16899AAB}.Debug (Core)|Mixed Platforms.ActiveCfg = Debug|Win32
		{F8B197A4-FC27-4B02-9B08-CD5B16899AAB}.Debug (Core)|Win32.ActiveCfg = Debug|Win32
		{F8B197A4-FC27-4B02-9B08-CD5B16899AAB}.Debug (Core)|Win32.Build.0 = Debug|Win32
		{F8B197A4-FC27-4B02-9B08-CD5B16899AAB}.Debug (gSKI DLL)|Any CPU.ActiveCfg = Debug|Win32
		{F8B197A4-FC27-4B02-9B08-CD5B16899AAB}.Debug (gSKI DLL)|Mixed Platforms.ActiveCfg = Debug|Win32
		{F8B197A4-FC27-4B02-9B08-CD5B16899AAB}.Debug (gSKI DLL)|Mixed Platforms.Build.0 = Debug|Win32
		{F8B197A4-FC27-4B02-9B08-CD5B16899AAB}.Debug (gSKI DLL)|Win32.ActiveCfg = Debug|Win32
		{F8B197A4-FC27-4B02-9B08-CD5B16899AAB}.Debug (gSKI DLL)|Win32.Build.0 = Debug|Win32
		{F8B197A4-FC27-4B02-9B08-CD5B16899AAB}.Debug (no SWIG)|Any CPU.ActiveCfg = Debug|Win32
		{F8B197A4-FC27-4B02-9B08-CD5B16899AAB}.Debug (no SWIG)|Mixed Platforms.ActiveCfg = Debug|Win32
		{F8B197A4-FC27-4B02-9B08-CD5B16899AAB}.Debug (no SWIG)|Win32.ActiveCfg = Debug|Win32
		{F8B197A4-FC27-4B02-9B08-CD5B16899AAB}.Debug (no SWIG)|Win32.Build.0 = Debug|Win32
		{F8B197A4-FC27-4B02-9B08-CD5B16899AAB}.Debug|Any CPU.ActiveCfg = Debug|Win32
		{F8B197A4-FC27-4B02-9B08-CD5B16899AAB}.Debug|Mixed Platforms.ActiveCfg = Debug|Win32
		{F8B197A4-FC27-4B02-9B08-CD5B16899AAB}.Debug|Mixed Platforms.Build.0 = Debug|Win32
		{F8B197A4-FC27-4B02-9B08-CD5B16899AAB}.Debug|Win32.ActiveCfg = Debug|Win32
		{F8B197A4-FC27-4B02-9B08-CD5B16899AAB}.Debug|Win32.Build.0 = Debug|Win32
		{F8B197A4-FC27-4B02-9B08-CD5B16899AAB}.Debug-DLL|Any CPU.ActiveCfg = Debug|Win32
		{F8B197A4-FC27-4B02-9B08-CD5B16899AAB}.Debug-DLL|Mixed Platforms.ActiveCfg = Debug|Win32
		{F8B197A4-FC27-4B02-9B08-CD5B16899AAB}.Debug-DLL|Mixed Platforms.Build.0 = Debug|Win32
		{F8B197A4-FC27-4B02-9B08-CD5B16899AAB}.Debug-DLL|Win32.ActiveCfg = Debug|Win32
		{F8B197A4-FC27-4B02-9B08-CD5B16899AAB}.Debug-DLL|Win32.Build.0 = Debug|Win32
		{F8B197A4-FC27-4B02-9B08-CD5B16899AAB}.Release (Core)|Any CPU.ActiveCfg = Release|Win32
		{F8B197A4-FC27-4B02-9B08-CD5B16899AAB}.Release (Core)|Mixed Platforms.ActiveCfg = Release|Win32
		{F8B197A4-FC27-4B02-9B08-CD5B16899AAB}.Release (Core)|Win32.ActiveCfg = Release|Win32
		{F8B197A4-FC27-4B02-9B08-CD5B16899AAB}.Release (Core)|Win32.Build.0 = Release|Win32
		{F8B197A4-FC27-4B02-9B08-CD5B16899AAB}.Release (gSKI DLL)|Any CPU.ActiveCfg = Release|Win32
		{F8B197A4-FC27-4B02-9B08-CD5B16899AAB}.Release (gSKI DLL)|Mixed Platforms.ActiveCfg = Release|Win32
		{F8B197A4-FC27-4B02-9B08-CD5B16899AAB}.Release (gSKI DLL)|Mixed Platforms.Build.0 = Release|Win32
		{F8B197A4-FC27-4B02-9B08-CD5B16899AAB}.Release (gSKI DLL)|Win32.ActiveCfg = Release|Win32
		{F8B197A4-FC27-4B02-9B08-CD5B16899AAB}.Release (gSKI DLL)|Win32.Build.0 = Release|Win32
		{F8B197A4-FC27-4B02-9B08-CD5B16899AAB}.Release (no SWIG)|Any CPU.ActiveCfg = Release|Win32
		{F8B197A4-FC27-4B02-9B08-CD5B16899AAB}.Release (no SWIG)|Mixed Platforms.ActiveCfg = Release|Win32
		{F8B197A4-FC27-4B02-9B08-CD5B16899AAB}.Release (no SWIG)|Win32.ActiveCfg = Release|Win32
		{F8B197A4-FC27-4B02-9B08-CD5B16899AAB}.Release (no SWIG)|Win32.Build.0 = Release|Win32
		{F8B197A4-FC27-4B02-9B08-CD5B16899AAB}.Release|Any CPU.ActiveCfg = Release|Win32
		{F8B197A4-FC27-4B02-9B08-CD5B16899AAB}.Release|Mixed Platforms.ActiveCfg = Release|Win32
		{F8B197A4-FC27-4B02-9B08-CD5B16899AAB}.Release|Mixed Platforms.Build.0 = Release|Win32
		{F8B197A4-FC27-4B02-9B08-CD5B16899AAB}.Release|Win32.ActiveCfg = Release|Win32
		{F8B197A4-FC27-4B02-9B08-CD5B16899AAB}.Release|Win32.Build.0 = Release|Win32
		{F8B197A4-FC27-4B02-9B08-CD5B16899AAB}.Release-DLL|Any CPU.ActiveCfg = Release|Win32
		{F8B197A4-FC27-4B02-9B08-CD5B16899AAB}.Release-DLL|Mixed Platforms.ActiveCfg = Release|Win32
		{F8B197A4-FC27-4B02-9B08-CD5B16899AAB}.Release-DLL|Mixed Platforms.Build.0 = Release|Win32
		{F8B197A4-FC27-4B02-9B08-CD5B16899AAB}.Release-DLL|Win32.ActiveCfg = Release|Win32
		{F8B197A4-FC27-4B02-9B08-CD5B16899AAB}.Release-DLL|Win32.Build.0 = Release|Win32
		{45B36CE7-2FAB-4BBB-A1E3-50BDA1C1E59B}.Debug (Core)|Any CPU.ActiveCfg = Debug|Win32
		{45B36CE7-2FAB-4BBB-A1E3-50BDA1C1E59B}.Debug (Core)|Mixed Platforms.ActiveCfg = Debug|Win32
		{45B36CE7-2FAB-4BBB-A1E3-50BDA1C1E59B}.Debug (Core)|Win32.ActiveCfg = Debug|Win32
		{45B36CE7-2FAB-4BBB-A1E3-50BDA1C1E59B}.Debug (Core)|Win32.Build.0 = Debug|Win32
		{45B36CE7-2FAB-4BBB-A1E3-50BDA1C1E59B}.Debug (gSKI DLL)|Any CPU.ActiveCfg = Debug|Win32
		{45B36CE7-2FAB-4BBB-A1E3-50BDA1C1E59B}.Debug (gSKI DLL)|Mixed Platforms.ActiveCfg = Debug|Win32
		{45B36CE7-2FAB-4BBB-A1E3-50BDA1C1E59B}.Debug (gSKI DLL)|Mixed Platforms.Build.0 = Debug|Win32
		{45B36CE7-2FAB-4BBB-A1E3-50BDA1C1E59B}.Debug (gSKI DLL)|Win32.ActiveCfg = Debug|Win32
		{45B36CE7-2FAB-4BBB-A1E3-50BDA1C1E59B}.Debug (gSKI DLL)|Win32.Build.0 = Debug|Win32
		{45B36CE7-2FAB-4BBB-A1E3-50BDA1C1E59B}.Debug (no SWIG)|Any CPU.ActiveCfg = Debug|Win32
		{45B36CE7-2FAB-4BBB-A1E3-50BDA1C1E59B}.Debug (no SWIG)|Mixed Platforms.ActiveCfg = Debug|Win32
		{45B36CE7-2FAB-4BBB-A1E3-50BDA1C1E59B}.Debug (no SWIG)|Win32.ActiveCfg = Debug|Win32
		{45B36CE7-2FAB-4BBB-A1E3-50BDA1C1E59B}.Debug (no SWIG)|Win32.Build.0 = Debug|Win32
		{45B36CE7-2FAB-4BBB-A1E3-50BDA1C1E59B}.Debug|Any CPU.ActiveCfg = Debug|Win32
		{45B36CE7-2FAB-4BBB-A1E3-50BDA1C1E59B}.Debug|Mixed Platforms.ActiveCfg = Debug|Win32
		{45B36CE7-2FAB-4BBB-A1E3-50BDA1C1E59B}.Debug|Mixed Platforms.Build.0 = Debug|Win32
		{45B36CE7-2FAB-4BBB-A1E3-50BDA1C1E59B}.Debug|Win32.ActiveCfg = Debug|Win32
		{45B36CE7-2FAB-4BBB-A1E3-50BDA1C1E59B}.Debug|Win32.Build.0 = Debug|Win32
		{45B36CE7-2FAB-4BBB-A1E3-50BDA1C1E59B}.Debug-DLL|Any CPU.ActiveCfg = Debug|Win32
		{45B36CE7-2FAB-4BBB-A1E3-50BDA1C1E59B}.Debug-DLL|Mixed Platforms.ActiveCfg = Debug|Win32
		{45B36CE7-2FAB-4BBB-A1E3-50BDA1C1E59B}.Debug-DLL|Mixed Platforms.Build.0 = Debug|Win32
		{45B36CE7-2FAB-4BBB-A1E3-50BDA1C1E59B}.Debug-DLL|Win32.ActiveCfg = Debug|Win32
		{45B36CE7-2FAB-4BBB-A1E3-50BDA1C1E59B}.Debug-DLL|Win32.Build.0 = Debug|Win32
		{45B36CE7-2FAB-4BBB-A1E3-50BDA1C1E59B}.Release (Core)|Any CPU.ActiveCfg = Release|Win32
		{45B36CE7-2FAB-4BBB-A1E3-50BDA1C1E59B}.Release (Core)|Mixed Platforms.ActiveCfg = Release|Win32
		{45B36CE7-2FAB-4BBB-A1E3-50BDA1C1E59B}.Release (Core)|Win32.ActiveCfg = Release|Win32
		{45B36CE7-2FAB-4BBB-A1E3-50BDA1C1E59B}.Release (Core)|Win32.Build.0 = Release|Win32
		{45B36CE7-2FAB-4BBB-A1E3-50BDA1C1E59B}.Release (gSKI DLL)|Any CPU.ActiveCfg = Release|Win32
		{45B36CE7-2FAB-4BBB-A1E3-50BDA1C1E59B}.Release (gSKI DLL)|Mixed Platforms.ActiveCfg = Release|Win32
		{45B36CE7-2FAB-4BBB-A1E3-50BDA1C1E59B}.Release (gSKI DLL)|Mixed Platforms.Build.0 = Release|Win32
		{45B36CE7-2FAB-4BBB-A1E3-50BDA1C1E59B}.Release (gSKI DLL)|Win32.ActiveCfg = Release|Win32
		{45B36CE7-2FAB-4BBB-A1E3-50BDA1C1E59B}.Release (gSKI DLL)|Win32.Build.0 = Release|Win32
		{45B36CE7-2FAB-4BBB-A1E3-50BDA1C1E59B}.Release (no SWIG)|Any CPU.ActiveCfg = Release|Win32
		{45B36CE7-2FAB-4BBB-A1E3-50BDA1C1E59B}.Release (no SWIG)|Mixed Platforms.ActiveCfg = Release|Win32
		{45B36CE7-2FAB-4BBB-A1E3-50BDA1C1E59B}.Release (no SWIG)|Win32.ActiveCfg = Release|Win32
		{45B36CE7-2FAB-4BBB-A1E3-50BDA1C1E59B}.Release (no SWIG)|Win32.Build.0 = Release|Win32
		{45B36CE7-2FAB-4BBB-A1E3-50BDA1C1E59B}.Release|Any CPU.ActiveCfg = Release|Win32
		{45B36CE7-2FAB-4BBB-A1E3-50BDA1C1E59B}.Release|Mixed Platforms.ActiveCfg = Release|Win32
		{45B36CE7-2FAB-4BBB-A1E3-50BDA1C1E59B}.Release|Mixed Platforms.Build.0 = Release|Win32
		{45B36CE7-2FAB-4BBB-A1E3-50BDA1C1E59B}.Release|Win32.ActiveCfg = Release|Win32
		{45B36CE7-2FAB-4BBB-A1E3-50BDA1C1E59B}.Release|Win32.Build.0 = Release|Win32
		{45B36CE7-2FAB-4BBB-A1E3-50BDA1C1E59B}.Release-DLL|Any CPU.ActiveCfg = Release|Win32
		{45B36CE7-2FAB-4BBB-A1E3-50BDA1C1E59B}.Release-DLL|Mixed Platforms.ActiveCfg = Release|Win32
		{45B36CE7-2FAB-4BBB-A1E3-50BDA1C1E59B}.Release-DLL|Mixed Platforms.Build.0 = Release|Win32
		{45B36CE7-2FAB-4BBB-A1E3-50BDA1C1E59B}.Release-DLL|Win32.ActiveCfg = Release|Win32
		{45B36CE7-2FAB-4BBB-A1E3-50BDA1C1E59B}.Release-DLL|Win32.Build.0 = Release|Win32
		{ECE01FC0-7FF9-4C82-AAFF-47C704CBF4BF}.Debug (Core)|Any CPU.ActiveCfg = Debug|Win32
		{ECE01FC0-7FF9-4C82-AAFF-47C704CBF4BF}.Debug (Core)|Mixed Platforms.ActiveCfg = Debug|Win32
		{ECE01FC0-7FF9-4C82-AAFF-47C704CBF4BF}.Debug (Core)|Win32.ActiveCfg = Debug|Win32
		{ECE01FC0-7FF9-4C82-AAFF-47C704CBF4BF}.Debug (Core)|Win32.Build.0 = Debug|Win32
		{ECE01FC0-7FF9-4C82-AAFF-47C704CBF4BF}.Debug (gSKI DLL)|Any CPU.ActiveCfg = Debug|Win32
		{ECE01FC0-7FF9-4C82-AAFF-47C704CBF4BF}.Debug (gSKI DLL)|Mixed Platforms.ActiveCfg = Debug|Win32
		{ECE01FC0-7FF9-4C82-AAFF-47C704CBF4BF}.Debug (gSKI DLL)|Mixed Platforms.Build.0 = Debug|Win32
		{ECE01FC0-7FF9-4C82-AAFF-47C704CBF4BF}.Debug (gSKI DLL)|Win32.ActiveCfg = Debug|Win32
		{ECE01FC0-7FF9-4C82-AAFF-47C704CBF4BF}.Debug (gSKI DLL)|Win32.Build.0 = Debug|Win32
		{ECE01FC0-7FF9-4C82-AAFF-47C704CBF4BF}.Debug (no SWIG)|Any CPU.ActiveCfg = Debug|Win32
		{ECE01FC0-7FF9-4C82-AAFF-47C704CBF4BF}.Debug (no SWIG)|Mixed Platforms.ActiveCfg = Debug|Win32
		{ECE01FC0-7FF9-4C82-AAFF-47C704CBF4BF}.Debug (no SWIG)|Win32.ActiveCfg = Debug|Win32
		{ECE01FC0-7FF9-4C82-AAFF-47C704CBF4BF}.Debug (no SWIG)|Win32.Build.0 = Debug|Win32
		{ECE01FC0-7FF9-4C82-AAFF-47C704CBF4BF}.Debug|Any CPU.ActiveCfg = Debug|Win32
		{ECE01FC0-7FF9-4C82-AAFF-47C704CBF4BF}.Debug|Mixed Platforms.ActiveCfg = Debug|Win32
		{ECE01FC0-7FF9-4C82-AAFF-47C704CBF4BF}.Debug|Mixed Platforms.Build.0 = Debug|Win32
		{ECE01FC0-7FF9-4C82-AAFF-47C704CBF4BF}.Debug|Win32.ActiveCfg = Debug|Win32
		{ECE01FC0-7FF9-4C82-AAFF-47C704CBF4BF}.Debug|Win32.Build.0 = Debug|Win32
		{ECE01FC0-7FF9-4C82-AAFF-47C704CBF4BF}.Debug-DLL|Any CPU.ActiveCfg = Debug|Win32
		{ECE01FC0-7FF9-4C82-AAFF-47C704CBF4BF}.Debug-DLL|Mixed Platforms.ActiveCfg = Debug|Win32
		{ECE01FC0-7FF9-4C82-AAFF-47C704CBF4BF}.Debug-DLL|Mixed Platforms.Build.0 = Debug|Win32
		{ECE01FC0-7FF9-4C82-AAFF-47C704CBF4BF}.Debug-DLL|Win32.ActiveCfg = Debug|Win32
		{ECE01FC0-7FF9-4C82-AAFF-47C704CBF4BF}.Debug-DLL|Win32.Build.0 = Debug|Win32
		{ECE01FC0-7FF9-4C82-AAFF-47C704CBF4BF}.Release (Core)|Any CPU.ActiveCfg = Release|Win32
		{ECE01FC0-7FF9-4C82-AAFF-47C704CBF4BF}.Release (Core)|Mixed Platforms.ActiveCfg = Release|Win32
		{ECE01FC0-7FF9-4C82-AAFF-47C704CBF4BF}.Release (Core)|Win32.ActiveCfg = Release|Win32
		{ECE01FC0-7FF9-4C82-AAFF-47C704CBF4BF}.Release (Core)|Win32.Build.0 = Release|Win32
		{ECE01FC0-7FF9-4C82-AAFF-47C704CBF4BF}.Release (gSKI DLL)|Any CPU.ActiveCfg = Release|Win32
		{ECE01FC0-7FF9-4C82-AAFF-47C704CBF4BF}.Release (gSKI DLL)|Mixed Platforms.ActiveCfg = Release|Win32
		{ECE01FC0-7FF9-4C82-AAFF-47C704CBF4BF}.Release (gSKI DLL)|Mixed Platforms.Build.0 = Release|Win32
		{ECE01FC0-7FF9-4C82-AAFF-47C704CBF4BF}.Release (gSKI DLL)|Win32.ActiveCfg = Release|Win32
		{ECE01FC0-7FF9-4C82-AAFF-47C704CBF4BF}.Release (gSKI DLL)|Win32.Build.0 = Release|Win32
		{ECE01FC0-7FF9-4C82-AAFF-47C704CBF4BF}.Release (no SWIG)|Any CPU.ActiveCfg = Release|Win32
		{ECE01FC0-7FF9-4C82-AAFF-47C704CBF4BF}.Release (no SWIG)|Mixed Platforms.ActiveCfg = Release|Win32
		{ECE01FC0-7FF9-4C82-AAFF-47C704CBF4BF}.Release (no SWIG)|Win32.ActiveCfg = Release|Win32
		{ECE01FC0-7FF9-4C82-AAFF-47C704CBF4BF}.Release (no SWIG)|Win32.Build.0 = Release|Win32
		{ECE01FC0-7FF9-4C82-AAFF-47C704CBF4BF}.Release|Any CPU.ActiveCfg = Release|Win32
		{ECE01FC0-7FF9-4C82-AAFF-47C704CBF4BF}.Release|Mixed Platforms.ActiveCfg = Release|Win32
		{ECE01FC0-7FF9-4C82-AAFF-47C704CBF4BF}.Release|Mixed Platforms.Build.0 = Release|Win32
		{ECE01FC0-7FF9-4C82-AAFF-47C704CBF4BF}.Release|Win32.ActiveCfg = Release|Win32
		{ECE01FC0-7FF9-4C82-AAFF-47C704CBF4BF}.Release|Win32.Build.0 = Release|Win32
		{ECE01FC0-7FF9-4C82-AAFF-47C704CBF4BF}.Release-DLL|Any CPU.ActiveCfg = Release|Win32
		{ECE01FC0-7FF9-4C82-AAFF-47C704CBF4BF}.Release-DLL|Mixed Platforms.ActiveCfg = Release|Win32
		{ECE01FC0-7FF9-4C82-AAFF-47C704CBF4BF}.Release-DLL|Mixed Platforms.Build.0 = Release|Win32
		{ECE01FC0-7FF9-4C82-AAFF-47C704CBF4BF}.Release-DLL|Win32.ActiveCfg = Release|Win32
		{ECE01FC0-7FF9-4C82-AAFF-47C704CBF4BF}.Release-DLL|Win32.Build.0 = Release|Win32
		{29277D02-A002-439F-B3E7-C89C16A21818}.Debug (Core)|Any CPU.ActiveCfg = Debug|Any CPU
		{29277D02-A002-439F-B3E7-C89C16A21818}.Debug (Core)|Any CPU.Build.0 = Debug|Any CPU
		{29277D02-A002-439F-B3E7-C89C16A21818}.Debug (Core)|Mixed Platforms.ActiveCfg = Debug|Any CPU
		{29277D02-A002-439F-B3E7-C89C16A21818}.Debug (Core)|Win32.ActiveCfg = Debug|Any CPU
		{29277D02-A002-439F-B3E7-C89C16A21818}.Debug (gSKI DLL)|Any CPU.ActiveCfg = Debug|Any CPU
		{29277D02-A002-439F-B3E7-C89C16A21818}.Debug (gSKI DLL)|Any CPU.Build.0 = Debug|Any CPU
		{29277D02-A002-439F-B3E7-C89C16A21818}.Debug (gSKI DLL)|Mixed Platforms.ActiveCfg = Debug|Any CPU
		{29277D02-A002-439F-B3E7-C89C16A21818}.Debug (gSKI DLL)|Mixed Platforms.Build.0 = Debug|Any CPU
		{29277D02-A002-439F-B3E7-C89C16A21818}.Debug (gSKI DLL)|Win32.ActiveCfg = Debug|Any CPU
		{29277D02-A002-439F-B3E7-C89C16A21818}.Debug (no SWIG)|Any CPU.ActiveCfg = Debug|Any CPU
		{29277D02-A002-439F-B3E7-C89C16A21818}.Debug (no SWIG)|Any CPU.Build.0 = Debug|Any CPU
		{29277D02-A002-439F-B3E7-C89C16A21818}.Debug (no SWIG)|Mixed Platforms.ActiveCfg = Debug|Any CPU
		{29277D02-A002-439F-B3E7-C89C16A21818}.Debug (no SWIG)|Win32.ActiveCfg = Debug|Any CPU
		{29277D02-A002-439F-B3E7-C89C16A21818}.Debug|Any CPU.ActiveCfg = Debug|Any CPU
		{29277D02-A002-439F-B3E7-C89C16A21818}.Debug|Any CPU.Build.0 = Debug|Any CPU
		{29277D02-A002-439F-B3E7-C89C16A21818}.Debug|Mixed Platforms.ActiveCfg = Debug|Any CPU
		{29277D02-A002-439F-B3E7-C89C16A21818}.Debug|Mixed Platforms.Build.0 = Debug|Any CPU
		{29277D02-A002-439F-B3E7-C89C16A21818}.Debug|Win32.ActiveCfg = Debug|Any CPU
		{29277D02-A002-439F-B3E7-C89C16A21818}.Debug-DLL|Any CPU.ActiveCfg = Debug|Any CPU
		{29277D02-A002-439F-B3E7-C89C16A21818}.Debug-DLL|Any CPU.Build.0 = Debug|Any CPU
		{29277D02-A002-439F-B3E7-C89C16A21818}.Debug-DLL|Mixed Platforms.ActiveCfg = Debug|Any CPU
		{29277D02-A002-439F-B3E7-C89C16A21818}.Debug-DLL|Mixed Platforms.Build.0 = Debug|Any CPU
		{29277D02-A002-439F-B3E7-C89C16A21818}.Debug-DLL|Win32.ActiveCfg = Debug|Any CPU
		{29277D02-A002-439F-B3E7-C89C16A21818}.Release (Core)|Any CPU.ActiveCfg = Release|Any CPU
		{29277D02-A002-439F-B3E7-C89C16A21818}.Release (Core)|Any CPU.Build.0 = Release|Any CPU
		{29277D02-A002-439F-B3E7-C89C16A21818}.Release (Core)|Mixed Platforms.ActiveCfg = Release|Any CPU
		{29277D02-A002-439F-B3E7-C89C16A21818}.Release (Core)|Win32.ActiveCfg = Release|Any CPU
		{29277D02-A002-439F-B3E7-C89C16A21818}.Release (gSKI DLL)|Any CPU.ActiveCfg = Release|Any CPU
		{29277D02-A002-439F-B3E7-C89C16A21818}.Release (gSKI DLL)|Any CPU.Build.0 = Release|Any CPU
		{29277D02-A002-439F-B3E7-C89C16A21818}.Release (gSKI DLL)|Mixed Platforms.ActiveCfg = Release|Any CPU
		{29277D02-A002-439F-B3E7-C89C16A21818}.Release (gSKI DLL)|Mixed Platforms.Build.0 = Release|Any CPU
		{29277D02-A002-439F-B3E7-C89C16A21818}.Release (gSKI DLL)|Win32.ActiveCfg = Release|Any CPU
		{29277D02-A002-439F-B3E7-C89C16A21818}.Release (no SWIG)|Any CPU.ActiveCfg = Release|Any CPU
		{29277D02-A002-439F-B3E7-C89C16A21818}.Release (no SWIG)|Any CPU.Build.0 = Release|Any CPU
		{29277D02-A002-439F-B3E7-C89C16A21818}.Release (no SWIG)|Mixed Platforms.ActiveCfg = Release|Any CPU
		{29277D02-A002-439F-B3E7-C89C16A21818}.Release (no SWIG)|Win32.ActiveCfg = Release|Any CPU
		{29277D02-A002-439F-B3E7-C89C16A21818}.Release|Any CPU.ActiveCfg = Release|Any CPU
		{29277D02-A002-439F-B3E7-C89C16A21818}.Release|Any CPU.Build.0 = Release|Any CPU
		{29277D02-A002-439F-B3E7-C89C16A21818}.Release|Mixed Platforms.ActiveCfg = Release|Any CPU
		{29277D02-A002-439F-B3E7-C89C16A21818}.Release|Mixed Platforms.Build.0 = Release|Any CPU
		{29277D02-A002-439F-B3E7-C89C16A21818}.Release|Win32.ActiveCfg = Release|Any CPU
		{29277D02-A002-439F-B3E7-C89C16A21818}.Release-DLL|Any CPU.ActiveCfg = Release|Any CPU
		{29277D02-A002-439F-B3E7-C89C16A21818}.Release-DLL|Any CPU.Build.0 = Release|Any CPU
		{29277D02-A002-439F-B3E7-C89C16A21818}.Release-DLL|Mixed Platforms.ActiveCfg = Release|Any CPU
		{29277D02-A002-439F-B3E7-C89C16A21818}.Release-DLL|Mixed Platforms.Build.0 = Release|Any CPU
		{29277D02-A002-439F-B3E7-C89C16A21818}.Release-DLL|Win32.ActiveCfg = Release|Any CPU
	EndGlobalSection
	GlobalSection(SolutionProperties) = preSolution
		HideSolutionNode = FALSE
	EndGlobalSection
EndGlobal
